// !$*UTF8*$!
{
	archiveVersion = 1;
	classes = {
	};
	objectVersion = 52;
	objects = {

/* Begin PBXBuildFile section */
		80CFD78623759AF40034F767 /* AP_PaySDK.h in Headers */ = {isa = PBXBuildFile; fileRef = 80CFD78423759AF40034F767 /* AP_PaySDK.h */; settings = {ATTRIBUTES = (Public, ); }; };
		80CFD92323759BE70034F767 /* APIService.swift in Sources */ = {isa = PBXBuildFile; fileRef = 80CFD89723759BE60034F767 /* APIService.swift */; };
		80CFD92423759BE70034F767 /* Reachability.swift in Sources */ = {isa = PBXBuildFile; fileRef = 80CFD89823759BE60034F767 /* Reachability.swift */; };
		80CFD92523759BE70034F767 /* TaskDelegate.swift in Sources */ = {isa = PBXBuildFile; fileRef = 80CFD89C23759BE60034F767 /* TaskDelegate.swift */; };
		80CFD92623759BE70034F767 /* Result.swift in Sources */ = {isa = PBXBuildFile; fileRef = 80CFD89D23759BE60034F767 /* Result.swift */; };
		80CFD92723759BE70034F767 /* ParameterEncoding.swift in Sources */ = {isa = PBXBuildFile; fileRef = 80CFD89E23759BE60034F767 /* ParameterEncoding.swift */; };
		80CFD92823759BE70034F767 /* AFError.swift in Sources */ = {isa = PBXBuildFile; fileRef = 80CFD89F23759BE60034F767 /* AFError.swift */; };
		80CFD92923759BE70034F767 /* Notifications.swift in Sources */ = {isa = PBXBuildFile; fileRef = 80CFD8A023759BE60034F767 /* Notifications.swift */; };
		80CFD92A23759BE70034F767 /* Response.swift in Sources */ = {isa = PBXBuildFile; fileRef = 80CFD8A123759BE60034F767 /* Response.swift */; };
		80CFD92B23759BE70034F767 /* Request.swift in Sources */ = {isa = PBXBuildFile; fileRef = 80CFD8A223759BE60034F767 /* Request.swift */; };
		80CFD92C23759BE70034F767 /* SessionManager.swift in Sources */ = {isa = PBXBuildFile; fileRef = 80CFD8A323759BE60034F767 /* SessionManager.swift */; };
		80CFD92D23759BE70034F767 /* SessionDelegate.swift in Sources */ = {isa = PBXBuildFile; fileRef = 80CFD8A423759BE60034F767 /* SessionDelegate.swift */; };
		80CFD92E23759BE70034F767 /* MultipartFormData.swift in Sources */ = {isa = PBXBuildFile; fileRef = 80CFD8A623759BE60034F767 /* MultipartFormData.swift */; };
		80CFD92F23759BE70034F767 /* NetworkReachabilityManager.swift in Sources */ = {isa = PBXBuildFile; fileRef = 80CFD8A723759BE60034F767 /* NetworkReachabilityManager.swift */; };
		80CFD93023759BE70034F767 /* Timeline.swift in Sources */ = {isa = PBXBuildFile; fileRef = 80CFD8A823759BE60034F767 /* Timeline.swift */; };
		80CFD93123759BE70034F767 /* Validation.swift in Sources */ = {isa = PBXBuildFile; fileRef = 80CFD8A923759BE60034F767 /* Validation.swift */; };
		80CFD93223759BE70034F767 /* ResponseSerialization.swift in Sources */ = {isa = PBXBuildFile; fileRef = 80CFD8AA23759BE60034F767 /* ResponseSerialization.swift */; };
		80CFD93323759BE70034F767 /* ServerTrustPolicy.swift in Sources */ = {isa = PBXBuildFile; fileRef = 80CFD8AB23759BE60034F767 /* ServerTrustPolicy.swift */; };
		80CFD93423759BE70034F767 /* DispatchQueue+Alamofire.swift in Sources */ = {isa = PBXBuildFile; fileRef = 80CFD8AD23759BE60034F767 /* DispatchQueue+Alamofire.swift */; };
		80CFD93523759BE70034F767 /* Alamofire.swift in Sources */ = {isa = PBXBuildFile; fileRef = 80CFD8AE23759BE60034F767 /* Alamofire.swift */; };
		80CFD93623759BE70034F767 /* WebViewJavascriptBridgeBase.m in Sources */ = {isa = PBXBuildFile; fileRef = 80CFD8B023759BE60034F767 /* WebViewJavascriptBridgeBase.m */; };
		80CFD93723759BE70034F767 /* WKWebViewJavascriptBridge.m in Sources */ = {isa = PBXBuildFile; fileRef = 80CFD8B123759BE60034F767 /* WKWebViewJavascriptBridge.m */; };
		80CFD93823759BE70034F767 /* WebViewJavascriptBridge.m in Sources */ = {isa = PBXBuildFile; fileRef = 80CFD8B223759BE60034F767 /* WebViewJavascriptBridge.m */; };
		80CFD93923759BE70034F767 /* WebViewJavascriptBridge_JS.h in Headers */ = {isa = PBXBuildFile; fileRef = 80CFD8B323759BE60034F767 /* WebViewJavascriptBridge_JS.h */; };
		80CFD93A23759BE70034F767 /* WebViewJavascriptBridgeBase.h in Headers */ = {isa = PBXBuildFile; fileRef = 80CFD8B423759BE60034F767 /* WebViewJavascriptBridgeBase.h */; settings = {ATTRIBUTES = (Public, ); }; };
		80CFD93B23759BE70034F767 /* WebViewJavascriptBridge_JS.m in Sources */ = {isa = PBXBuildFile; fileRef = 80CFD8B523759BE60034F767 /* WebViewJavascriptBridge_JS.m */; };
		80CFD93C23759BE70034F767 /* WebViewJavascriptBridge.h in Headers */ = {isa = PBXBuildFile; fileRef = 80CFD8B623759BE60034F767 /* WebViewJavascriptBridge.h */; settings = {ATTRIBUTES = (Public, ); }; };
		80CFD93D23759BE70034F767 /* WKWebViewJavascriptBridge.h in Headers */ = {isa = PBXBuildFile; fileRef = 80CFD8B723759BE60034F767 /* WKWebViewJavascriptBridge.h */; };
		80CFD93E23759BE70034F767 /* AES.swift in Sources */ = {isa = PBXBuildFile; fileRef = 80CFD8B923759BE60034F767 /* AES.swift */; };
		80CFD93F23759BE70034F767 /* StreamDecryptor.swift in Sources */ = {isa = PBXBuildFile; fileRef = 80CFD8BA23759BE60034F767 /* StreamDecryptor.swift */; };
		80CFD94023759BE70034F767 /* Operators1.swift in Sources */ = {isa = PBXBuildFile; fileRef = 80CFD8BB23759BE60034F767 /* Operators1.swift */; };
		80CFD94123759BE70034F767 /* BlockEncryptor.swift in Sources */ = {isa = PBXBuildFile; fileRef = 80CFD8BC23759BE60034F767 /* BlockEncryptor.swift */; };
		80CFD94223759BE70034F767 /* UInt64+Extension.swift in Sources */ = {isa = PBXBuildFile; fileRef = 80CFD8BD23759BE60034F767 /* UInt64+Extension.swift */; };
		80CFD94323759BE70034F767 /* Cryptors.swift in Sources */ = {isa = PBXBuildFile; fileRef = 80CFD8BE23759BE60034F767 /* Cryptors.swift */; };
		80CFD94423759BE70034F767 /* HKDF.swift in Sources */ = {isa = PBXBuildFile; fileRef = 80CFD8BF23759BE60034F767 /* HKDF.swift */; };
		80CFD94523759BE70034F767 /* Cipher.swift in Sources */ = {isa = PBXBuildFile; fileRef = 80CFD8C023759BE60034F767 /* Cipher.swift */; };
		80CFD94623759BE70034F767 /* AEADChaCha20Poly1305.swift in Sources */ = {isa = PBXBuildFile; fileRef = 80CFD8C223759BE60034F767 /* AEADChaCha20Poly1305.swift */; };
		80CFD94723759BE70034F767 /* AEAD.swift in Sources */ = {isa = PBXBuildFile; fileRef = 80CFD8C323759BE60034F767 /* AEAD.swift */; };
		80CFD94823759BE70034F767 /* CBCMAC.swift in Sources */ = {isa = PBXBuildFile; fileRef = 80CFD8C423759BE60034F767 /* CBCMAC.swift */; };
		80CFD94923759BE70034F767 /* Int+Extension.swift in Sources */ = {isa = PBXBuildFile; fileRef = 80CFD8C523759BE60034F767 /* Int+Extension.swift */; };
		80CFD94A23759BE70034F767 /* AES.Cryptors.swift in Sources */ = {isa = PBXBuildFile; fileRef = 80CFD8C623759BE60034F767 /* AES.Cryptors.swift */; };
		80CFD94B23759BE70034F767 /* Bit.swift in Sources */ = {isa = PBXBuildFile; fileRef = 80CFD8C723759BE60034F767 /* Bit.swift */; };
		80CFD94C23759BE70034F767 /* HMAC.swift in Sources */ = {isa = PBXBuildFile; fileRef = 80CFD8C823759BE60034F767 /* HMAC.swift */; };
		80CFD94D23759BE70034F767 /* CMAC.swift in Sources */ = {isa = PBXBuildFile; fileRef = 80CFD8C923759BE60034F767 /* CMAC.swift */; };
		80CFD94E23759BE70034F767 /* UInt16+Extension.swift in Sources */ = {isa = PBXBuildFile; fileRef = 80CFD8CA23759BE60034F767 /* UInt16+Extension.swift */; };
		80CFD94F23759BE70034F767 /* Collection+Extension.swift in Sources */ = {isa = PBXBuildFile; fileRef = 80CFD8CB23759BE60034F767 /* Collection+Extension.swift */; };
		80CFD95023759BE70034F767 /* UInt32+Extension.swift in Sources */ = {isa = PBXBuildFile; fileRef = 80CFD8CC23759BE60034F767 /* UInt32+Extension.swift */; };
		80CFD95123759BE70034F767 /* Digest.swift in Sources */ = {isa = PBXBuildFile; fileRef = 80CFD8CD23759BE60034F767 /* Digest.swift */; };
		80CFD95223759BE70034F767 /* UInt128.swift in Sources */ = {isa = PBXBuildFile; fileRef = 80CFD8CE23759BE60034F767 /* UInt128.swift */; };
		80CFD95323759BE70034F767 /* Scrypt.swift in Sources */ = {isa = PBXBuildFile; fileRef = 80CFD8CF23759BE60034F767 /* Scrypt.swift */; };
		80CFD95423759BE70034F767 /* NoPadding.swift in Sources */ = {isa = PBXBuildFile; fileRef = 80CFD8D023759BE60034F767 /* NoPadding.swift */; };
		80CFD95523759BE70034F767 /* String+FoundationExtension.swift in Sources */ = {isa = PBXBuildFile; fileRef = 80CFD8D223759BE60034F767 /* String+FoundationExtension.swift */; };
		80CFD95623759BE70034F767 /* Blowfish+Foundation.swift in Sources */ = {isa = PBXBuildFile; fileRef = 80CFD8D323759BE60034F767 /* Blowfish+Foundation.swift */; };
		80CFD95723759BE70034F767 /* Utils+Foundation.swift in Sources */ = {isa = PBXBuildFile; fileRef = 80CFD8D423759BE60034F767 /* Utils+Foundation.swift */; };
		80CFD95823759BE70034F767 /* HMAC+Foundation.swift in Sources */ = {isa = PBXBuildFile; fileRef = 80CFD8D523759BE60034F767 /* HMAC+Foundation.swift */; };
		80CFD95923759BE70034F767 /* Data+Extension.swift in Sources */ = {isa = PBXBuildFile; fileRef = 80CFD8D623759BE60034F767 /* Data+Extension.swift */; };
		80CFD95A23759BE70034F767 /* ChaCha20+Foundation.swift in Sources */ = {isa = PBXBuildFile; fileRef = 80CFD8D723759BE60034F767 /* ChaCha20+Foundation.swift */; };
		80CFD95B23759BE70034F767 /* Array+Foundation.swift in Sources */ = {isa = PBXBuildFile; fileRef = 80CFD8D823759BE60034F767 /* Array+Foundation.swift */; };
		80CFD95C23759BE70034F767 /* AES+Foundation.swift in Sources */ = {isa = PBXBuildFile; fileRef = 80CFD8D923759BE60034F767 /* AES+Foundation.swift */; };
		80CFD95D23759BE70034F767 /* Rabbit+Foundation.swift in Sources */ = {isa = PBXBuildFile; fileRef = 80CFD8DA23759BE60034F767 /* Rabbit+Foundation.swift */; };
		80CFD95E23759BE70034F767 /* UInt8+Extension.swift in Sources */ = {isa = PBXBuildFile; fileRef = 80CFD8DB23759BE60034F767 /* UInt8+Extension.swift */; };
		80CFD95F23759BE70034F767 /* MD5.swift in Sources */ = {isa = PBXBuildFile; fileRef = 80CFD8DC23759BE60034F767 /* MD5.swift */; };
		80CFD96023759BE70034F767 /* Cryptor.swift in Sources */ = {isa = PBXBuildFile; fileRef = 80CFD8DD23759BE60034F767 /* Cryptor.swift */; };
		80CFD96123759BE70034F767 /* CompactMap.swift in Sources */ = {isa = PBXBuildFile; fileRef = 80CFD8DE23759BE60034F767 /* CompactMap.swift */; };
		80CFD96223759BE70034F767 /* BatchedCollection.swift in Sources */ = {isa = PBXBuildFile; fileRef = 80CFD8DF23759BE60034F767 /* BatchedCollection.swift */; };
		80CFD96323759BE70034F767 /* SecureBytes.swift in Sources */ = {isa = PBXBuildFile; fileRef = 80CFD8E023759BE60034F767 /* SecureBytes.swift */; };
		80CFD96423759BE70034F767 /* ZeroPadding.swift in Sources */ = {isa = PBXBuildFile; fileRef = 80CFD8E123759BE60034F767 /* ZeroPadding.swift */; };
		80CFD96523759BE70034F767 /* String+Extension.swift in Sources */ = {isa = PBXBuildFile; fileRef = 80CFD8E223759BE60034F767 /* String+Extension.swift */; };
		80CFD96623759BE70034F767 /* Authenticator.swift in Sources */ = {isa = PBXBuildFile; fileRef = 80CFD8E323759BE60034F767 /* Authenticator.swift */; };
		80CFD96723759BE70034F767 /* SHA3.swift in Sources */ = {isa = PBXBuildFile; fileRef = 80CFD8E423759BE60034F767 /* SHA3.swift */; };
		80CFD96823759BE70034F767 /* RandomBytesSequence.swift in Sources */ = {isa = PBXBuildFile; fileRef = 80CFD8E523759BE60034F767 /* RandomBytesSequence.swift */; };
		80CFD96923759BE70034F767 /* Rabbit.swift in Sources */ = {isa = PBXBuildFile; fileRef = 80CFD8E623759BE60034F767 /* Rabbit.swift */; };
		80CFD96A23759BE70034F767 /* SHA1.swift in Sources */ = {isa = PBXBuildFile; fileRef = 80CFD8E723759BE60034F767 /* SHA1.swift */; };
		80CFD96B23759BE70034F767 /* Poly1305.swift in Sources */ = {isa = PBXBuildFile; fileRef = 80CFD8E823759BE60034F767 /* Poly1305.swift */; };
		80CFD96C23759BE70034F767 /* BlockCipher.swift in Sources */ = {isa = PBXBuildFile; fileRef = 80CFD8E923759BE60034F767 /* BlockCipher.swift */; };
		80CFD96D23759BE70034F767 /* Updatable.swift in Sources */ = {isa = PBXBuildFile; fileRef = 80CFD8EA23759BE60034F767 /* Updatable.swift */; };
		80CFD96E23759BE70034F767 /* Blowfish.swift in Sources */ = {isa = PBXBuildFile; fileRef = 80CFD8EB23759BE60034F767 /* Blowfish.swift */; };
		80CFD96F23759BE70034F767 /* BlockDecryptor.swift in Sources */ = {isa = PBXBuildFile; fileRef = 80CFD8EC23759BE60034F767 /* BlockDecryptor.swift */; };
		80CFD97023759BE70034F767 /* StreamEncryptor.swift in Sources */ = {isa = PBXBuildFile; fileRef = 80CFD8ED23759BE60034F767 /* StreamEncryptor.swift */; };
		80CFD97123759BE70034F767 /* DigestType.swift in Sources */ = {isa = PBXBuildFile; fileRef = 80CFD8EE23759BE60034F767 /* DigestType.swift */; };
		80CFD97223759BE70034F767 /* Utils.swift in Sources */ = {isa = PBXBuildFile; fileRef = 80CFD8EF23759BE60034F767 /* Utils.swift */; };
		80CFD97323759BE70034F767 /* Generics.swift in Sources */ = {isa = PBXBuildFile; fileRef = 80CFD8F023759BE60034F767 /* Generics.swift */; };
		80CFD97423759BE70034F767 /* Checksum.swift in Sources */ = {isa = PBXBuildFile; fileRef = 80CFD8F123759BE60034F767 /* Checksum.swift */; };
		80CFD97523759BE70034F767 /* SHA2.swift in Sources */ = {isa = PBXBuildFile; fileRef = 80CFD8F223759BE60034F767 /* SHA2.swift */; };
		80CFD97623759BE70034F767 /* Padding.swift in Sources */ = {isa = PBXBuildFile; fileRef = 80CFD8F323759BE60034F767 /* Padding.swift */; };
		80CFD97723759BE70034F767 /* PKCS7Padding.swift in Sources */ = {isa = PBXBuildFile; fileRef = 80CFD8F523759BE60034F767 /* PKCS7Padding.swift */; };
		80CFD97823759BE70034F767 /* PKCS5.swift in Sources */ = {isa = PBXBuildFile; fileRef = 80CFD8F623759BE60034F767 /* PKCS5.swift */; };
		80CFD97923759BE70034F767 /* PKCS7.swift in Sources */ = {isa = PBXBuildFile; fileRef = 80CFD8F723759BE60034F767 /* PKCS7.swift */; };
		80CFD97A23759BE70034F767 /* PBKDF2.swift in Sources */ = {isa = PBXBuildFile; fileRef = 80CFD8F823759BE60034F767 /* PBKDF2.swift */; };
		80CFD97B23759BE70034F767 /* PBKDF1.swift in Sources */ = {isa = PBXBuildFile; fileRef = 80CFD8F923759BE60034F767 /* PBKDF1.swift */; };
		80CFD97C23759BE70034F767 /* BlockModeOptions.swift in Sources */ = {isa = PBXBuildFile; fileRef = 80CFD8FB23759BE60034F767 /* BlockModeOptions.swift */; };
		80CFD97D23759BE70034F767 /* CFB.swift in Sources */ = {isa = PBXBuildFile; fileRef = 80CFD8FC23759BE60034F767 /* CFB.swift */; };
		80CFD97E23759BE70034F767 /* CBC.swift in Sources */ = {isa = PBXBuildFile; fileRef = 80CFD8FD23759BE60034F767 /* CBC.swift */; };
		80CFD97F23759BE70034F767 /* ECB.swift in Sources */ = {isa = PBXBuildFile; fileRef = 80CFD8FE23759BE60034F767 /* ECB.swift */; };
		80CFD98023759BE70034F767 /* CCM.swift in Sources */ = {isa = PBXBuildFile; fileRef = 80CFD8FF23759BE60034F767 /* CCM.swift */; };
		80CFD98123759BE70034F767 /* PCBC.swift in Sources */ = {isa = PBXBuildFile; fileRef = 80CFD90023759BE60034F767 /* PCBC.swift */; };
		80CFD98223759BE70034F767 /* BlockMode.swift in Sources */ = {isa = PBXBuildFile; fileRef = 80CFD90123759BE60034F767 /* BlockMode.swift */; };
		80CFD98323759BE70034F767 /* GCM.swift in Sources */ = {isa = PBXBuildFile; fileRef = 80CFD90223759BE60034F767 /* GCM.swift */; };
		80CFD98423759BE70034F767 /* CipherModeWorker.swift in Sources */ = {isa = PBXBuildFile; fileRef = 80CFD90323759BE60034F767 /* CipherModeWorker.swift */; };
		80CFD98523759BE70034F767 /* CTR.swift in Sources */ = {isa = PBXBuildFile; fileRef = 80CFD90423759BE60034F767 /* CTR.swift */; };
		80CFD98623759BE70034F767 /* OFB.swift in Sources */ = {isa = PBXBuildFile; fileRef = 80CFD90523759BE60034F767 /* OFB.swift */; };
		80CFD98723759BE70034F767 /* ChaCha20.swift in Sources */ = {isa = PBXBuildFile; fileRef = 80CFD90623759BE60034F767 /* ChaCha20.swift */; };
		80CFD98823759BE70034F767 /* Array+Extension.swift in Sources */ = {isa = PBXBuildFile; fileRef = 80CFD90723759BE60034F767 /* Array+Extension.swift */; };
		80CFD98923759BE70034F767 /* HostViewController.swift in Sources */ = {isa = PBXBuildFile; fileRef = 80CFD90823759BE60034F767 /* HostViewController.swift */; };
		80CFD98A23759BE70034F767 /* RsaOaep256A128GCM.swift in Sources */ = {isa = PBXBuildFile; fileRef = 80CFD90923759BE60034F767 /* RsaOaep256A128GCM.swift */; };
		80CFD98B23759BE70034F767 /* Permission.swift in Sources */ = {isa = PBXBuildFile; fileRef = 80CFD90B23759BE60034F767 /* Permission.swift */; };
		80CFD98C23759BE70034F767 /* PayData.swift in Sources */ = {isa = PBXBuildFile; fileRef = 80CFD90C23759BE60034F767 /* PayData.swift */; };
		80CFD98D23759BE70034F767 /* EnvBase.swift in Sources */ = {isa = PBXBuildFile; fileRef = 80CFD90D23759BE60034F767 /* EnvBase.swift */; };
		80CFD98E23759BE70034F767 /* CardDetails.swift in Sources */ = {isa = PBXBuildFile; fileRef = 80CFD90E23759BE60034F767 /* CardDetails.swift */; };
		80CFD98F23759BE70034F767 /* Auth.swift in Sources */ = {isa = PBXBuildFile; fileRef = 80CFD90F23759BE60034F767 /* Auth.swift */; };
		80CFD99023759BE70034F767 /* PayResult.swift in Sources */ = {isa = PBXBuildFile; fileRef = 80CFD91023759BE60034F767 /* PayResult.swift */; };
		80CFD99123759BE70034F767 /* txResp.swift in Sources */ = {isa = PBXBuildFile; fileRef = 80CFD91123759BE60034F767 /* txResp.swift */; };
		80CFD99223759BE70034F767 /* Country.swift in Sources */ = {isa = PBXBuildFile; fileRef = 80CFD91223759BE60034F767 /* Country.swift */; };
		80CFD99323759BE70034F767 /* Detail.swift in Sources */ = {isa = PBXBuildFile; fileRef = 80CFD91323759BE60034F767 /* Detail.swift */; };
		80CFD99423759BE70034F767 /* Src.swift in Sources */ = {isa = PBXBuildFile; fileRef = 80CFD91423759BE60034F767 /* Src.swift */; };
		80CFD99523759BE70034F767 /* PRC.swift in Sources */ = {isa = PBXBuildFile; fileRef = 80CFD91523759BE60034F767 /* PRC.swift */; };
		80CFD99623759BE70034F767 /* AliPayHKClass.swift in Sources */ = {isa = PBXBuildFile; fileRef = 80CFD91723759BE60034F767 /* AliPayHKClass.swift */; };
		80CFD99723759BE70034F767 /* AliPayCNClass.swift in Sources */ = {isa = PBXBuildFile; fileRef = 80CFD91823759BE60034F767 /* AliPayCNClass.swift */; };
		80CFD99823759BE70034F767 /* AliPayClass.swift in Sources */ = {isa = PBXBuildFile; fileRef = 80CFD91923759BE60034F767 /* AliPayClass.swift */; };
		80CFD99923759BE70034F767 /* PaySDK.swift in Sources */ = {isa = PBXBuildFile; fileRef = 80CFD91A23759BE70034F767 /* PaySDK.swift */; };
		80CFD99A23759BE70034F767 /* MakePayment.swift in Sources */ = {isa = PBXBuildFile; fileRef = 80CFD91B23759BE70034F767 /* MakePayment.swift */; };
		80CFD99B23759BE70034F767 /* Wrapper.m in Sources */ = {isa = PBXBuildFile; fileRef = 80CFD91C23759BE70034F767 /* Wrapper.m */; };
		80CFD99C23759BE70034F767 /* KeyChainUtil.swift in Sources */ = {isa = PBXBuildFile; fileRef = 80CFD91D23759BE70034F767 /* KeyChainUtil.swift */; };
		80CFD99D23759BE70034F767 /* Constants.swift in Sources */ = {isa = PBXBuildFile; fileRef = 80CFD91E23759BE70034F767 /* Constants.swift */; };
		80CFD99E23759BE70034F767 /* PlistInfo.swift in Sources */ = {isa = PBXBuildFile; fileRef = 80CFD91F23759BE70034F767 /* PlistInfo.swift */; };
		80CFD99F23759BE70034F767 /* Wrapper.h in Headers */ = {isa = PBXBuildFile; fileRef = 80CFD92023759BE70034F767 /* Wrapper.h */; settings = {ATTRIBUTES = (Public, ); }; };
		80CFD9A023759BE70034F767 /* DeviceInfoPaySDK.swift in Sources */ = {isa = PBXBuildFile; fileRef = 80CFD92123759BE70034F767 /* DeviceInfoPaySDK.swift */; };
		80CFD9A123759BE70034F767 /* callBackFromAliPay.h in Headers */ = {isa = PBXBuildFile; fileRef = 80CFD92223759BE70034F767 /* callBackFromAliPay.h */; settings = {ATTRIBUTES = (Public, ); }; };
		80CFD9A423759C740034F767 /* AlipaySDK.framework in Frameworks */ = {isa = PBXBuildFile; fileRef = 80CFD9A323759C740034F767 /* AlipaySDK.framework */; };
		80CFD9AC23759CC80034F767 /* CoreGraphics.framework in Frameworks */ = {isa = PBXBuildFile; fileRef = 80CFD9A723759CC80034F767 /* CoreGraphics.framework */; };
		80CFD9AD23759CC80034F767 /* QuartzCore.framework in Frameworks */ = {isa = PBXBuildFile; fileRef = 80CFD9A823759CC80034F767 /* QuartzCore.framework */; };
		80CFD9AE23759CC80034F767 /* CoreMotion.framework in Frameworks */ = {isa = PBXBuildFile; fileRef = 80CFD9A923759CC80034F767 /* CoreMotion.framework */; };
		80CFD9AF23759CC80034F767 /* CoreText.framework in Frameworks */ = {isa = PBXBuildFile; fileRef = 80CFD9AA23759CC80034F767 /* CoreText.framework */; };
		80CFD9B023759CC80034F767 /* CoreTelephony.framework in Frameworks */ = {isa = PBXBuildFile; fileRef = 80CFD9AB23759CC80034F767 /* CoreTelephony.framework */; };
		80CFD9B423759CE00034F767 /* SystemConfiguration.framework in Frameworks */ = {isa = PBXBuildFile; fileRef = 80CFD9B323759CDF0034F767 /* SystemConfiguration.framework */; };
		80CFD9B623759CE90034F767 /* UIKit.framework in Frameworks */ = {isa = PBXBuildFile; fileRef = 80CFD9B523759CE90034F767 /* UIKit.framework */; platformFilter = ios; };
		80CFD9B823759CF30034F767 /* Foundation.framework in Frameworks */ = {isa = PBXBuildFile; fileRef = 80CFD9B723759CF30034F767 /* Foundation.framework */; };
		80CFD9B923759D280034F767 /* libc++.tbd in Frameworks */ = {isa = PBXBuildFile; fileRef = 80CFD9B123759CCE0034F767 /* libc++.tbd */; };
		80CFD9BA23759D300034F767 /* libz.tbd in Frameworks */ = {isa = PBXBuildFile; fileRef = 80CFD9B223759CD50034F767 /* libz.tbd */; };
		80CFD9C223759D5A0034F767 /* AppDelegate.swift in Sources */ = {isa = PBXBuildFile; fileRef = 80CFD9C123759D5A0034F767 /* AppDelegate.swift */; };
		80CFD9C623759D5A0034F767 /* ViewController.swift in Sources */ = {isa = PBXBuildFile; fileRef = 80CFD9C523759D5A0034F767 /* ViewController.swift */; };
		80CFD9C923759D5A0034F767 /* Main.storyboard in Resources */ = {isa = PBXBuildFile; fileRef = 80CFD9C723759D5A0034F767 /* Main.storyboard */; };
		80CFD9CB23759D5B0034F767 /* Assets.xcassets in Resources */ = {isa = PBXBuildFile; fileRef = 80CFD9CA23759D5B0034F767 /* Assets.xcassets */; };
		80CFD9CE23759D5B0034F767 /* LaunchScreen.storyboard in Resources */ = {isa = PBXBuildFile; fileRef = 80CFD9CC23759D5B0034F767 /* LaunchScreen.storyboard */; };
		80CFD9D323759D820034F767 /* AP_PaySDK.framework in Frameworks */ = {isa = PBXBuildFile; fileRef = 80CFD78123759AF40034F767 /* AP_PaySDK.framework */; };
		80CFD9D423759D820034F767 /* AP_PaySDK.framework in Embed Frameworks */ = {isa = PBXBuildFile; fileRef = 80CFD78123759AF40034F767 /* AP_PaySDK.framework */; settings = {ATTRIBUTES = (CodeSignOnCopy, RemoveHeadersOnCopy, ); }; };
		80CFD9D923759E410034F767 /* paysdk.plist in Resources */ = {isa = PBXBuildFile; fileRef = 80CFD9D823759E410034F767 /* paysdk.plist */; };
/* End PBXBuildFile section */

/* Begin PBXContainerItemProxy section */
		80CFD9D523759D820034F767 /* PBXContainerItemProxy */ = {
			isa = PBXContainerItemProxy;
			containerPortal = 80CFD77823759AF40034F767 /* Project object */;
			proxyType = 1;
			remoteGlobalIDString = 80CFD78023759AF40034F767;
			remoteInfo = AP_PaySDK;
		};
/* End PBXContainerItemProxy section */

/* Begin PBXCopyFilesBuildPhase section */
		80CFD9D723759D820034F767 /* Embed Frameworks */ = {
			isa = PBXCopyFilesBuildPhase;
			buildActionMask = 2147483647;
			dstPath = "";
			dstSubfolderSpec = 10;
			files = (
				80CFD9D423759D820034F767 /* AP_PaySDK.framework in Embed Frameworks */,
			);
			name = "Embed Frameworks";
			runOnlyForDeploymentPostprocessing = 0;
		};
/* End PBXCopyFilesBuildPhase section */

/* Begin PBXFileReference section */
		80CFD78123759AF40034F767 /* AP_PaySDK.framework */ = {isa = PBXFileReference; explicitFileType = wrapper.framework; includeInIndex = 0; path = AP_PaySDK.framework; sourceTree = BUILT_PRODUCTS_DIR; };
		80CFD78423759AF40034F767 /* AP_PaySDK.h */ = {isa = PBXFileReference; lastKnownFileType = sourcecode.c.h; path = AP_PaySDK.h; sourceTree = "<group>"; };
		80CFD78523759AF40034F767 /* Info.plist */ = {isa = PBXFileReference; lastKnownFileType = text.plist.xml; path = Info.plist; sourceTree = "<group>"; };
		80CFD89723759BE60034F767 /* APIService.swift */ = {isa = PBXFileReference; fileEncoding = 4; lastKnownFileType = sourcecode.swift; path = APIService.swift; sourceTree = "<group>"; };
		80CFD89823759BE60034F767 /* Reachability.swift */ = {isa = PBXFileReference; fileEncoding = 4; lastKnownFileType = sourcecode.swift; path = Reachability.swift; sourceTree = "<group>"; };
		80CFD89C23759BE60034F767 /* TaskDelegate.swift */ = {isa = PBXFileReference; fileEncoding = 4; lastKnownFileType = sourcecode.swift; path = TaskDelegate.swift; sourceTree = "<group>"; };
		80CFD89D23759BE60034F767 /* Result.swift */ = {isa = PBXFileReference; fileEncoding = 4; lastKnownFileType = sourcecode.swift; path = Result.swift; sourceTree = "<group>"; };
		80CFD89E23759BE60034F767 /* ParameterEncoding.swift */ = {isa = PBXFileReference; fileEncoding = 4; lastKnownFileType = sourcecode.swift; path = ParameterEncoding.swift; sourceTree = "<group>"; };
		80CFD89F23759BE60034F767 /* AFError.swift */ = {isa = PBXFileReference; fileEncoding = 4; lastKnownFileType = sourcecode.swift; path = AFError.swift; sourceTree = "<group>"; };
		80CFD8A023759BE60034F767 /* Notifications.swift */ = {isa = PBXFileReference; fileEncoding = 4; lastKnownFileType = sourcecode.swift; path = Notifications.swift; sourceTree = "<group>"; };
		80CFD8A123759BE60034F767 /* Response.swift */ = {isa = PBXFileReference; fileEncoding = 4; lastKnownFileType = sourcecode.swift; path = Response.swift; sourceTree = "<group>"; };
		80CFD8A223759BE60034F767 /* Request.swift */ = {isa = PBXFileReference; fileEncoding = 4; lastKnownFileType = sourcecode.swift; path = Request.swift; sourceTree = "<group>"; };
		80CFD8A323759BE60034F767 /* SessionManager.swift */ = {isa = PBXFileReference; fileEncoding = 4; lastKnownFileType = sourcecode.swift; path = SessionManager.swift; sourceTree = "<group>"; };
		80CFD8A423759BE60034F767 /* SessionDelegate.swift */ = {isa = PBXFileReference; fileEncoding = 4; lastKnownFileType = sourcecode.swift; path = SessionDelegate.swift; sourceTree = "<group>"; };
		80CFD8A623759BE60034F767 /* MultipartFormData.swift */ = {isa = PBXFileReference; fileEncoding = 4; lastKnownFileType = sourcecode.swift; path = MultipartFormData.swift; sourceTree = "<group>"; };
		80CFD8A723759BE60034F767 /* NetworkReachabilityManager.swift */ = {isa = PBXFileReference; fileEncoding = 4; lastKnownFileType = sourcecode.swift; path = NetworkReachabilityManager.swift; sourceTree = "<group>"; };
		80CFD8A823759BE60034F767 /* Timeline.swift */ = {isa = PBXFileReference; fileEncoding = 4; lastKnownFileType = sourcecode.swift; path = Timeline.swift; sourceTree = "<group>"; };
		80CFD8A923759BE60034F767 /* Validation.swift */ = {isa = PBXFileReference; fileEncoding = 4; lastKnownFileType = sourcecode.swift; path = Validation.swift; sourceTree = "<group>"; };
		80CFD8AA23759BE60034F767 /* ResponseSerialization.swift */ = {isa = PBXFileReference; fileEncoding = 4; lastKnownFileType = sourcecode.swift; path = ResponseSerialization.swift; sourceTree = "<group>"; };
		80CFD8AB23759BE60034F767 /* ServerTrustPolicy.swift */ = {isa = PBXFileReference; fileEncoding = 4; lastKnownFileType = sourcecode.swift; path = ServerTrustPolicy.swift; sourceTree = "<group>"; };
		80CFD8AD23759BE60034F767 /* DispatchQueue+Alamofire.swift */ = {isa = PBXFileReference; fileEncoding = 4; lastKnownFileType = sourcecode.swift; path = "DispatchQueue+Alamofire.swift"; sourceTree = "<group>"; };
		80CFD8AE23759BE60034F767 /* Alamofire.swift */ = {isa = PBXFileReference; fileEncoding = 4; lastKnownFileType = sourcecode.swift; path = Alamofire.swift; sourceTree = "<group>"; };
		80CFD8B023759BE60034F767 /* WebViewJavascriptBridgeBase.m */ = {isa = PBXFileReference; fileEncoding = 4; lastKnownFileType = sourcecode.c.objc; path = WebViewJavascriptBridgeBase.m; sourceTree = "<group>"; };
		80CFD8B123759BE60034F767 /* WKWebViewJavascriptBridge.m */ = {isa = PBXFileReference; fileEncoding = 4; lastKnownFileType = sourcecode.c.objc; path = WKWebViewJavascriptBridge.m; sourceTree = "<group>"; };
		80CFD8B223759BE60034F767 /* WebViewJavascriptBridge.m */ = {isa = PBXFileReference; fileEncoding = 4; lastKnownFileType = sourcecode.c.objc; path = WebViewJavascriptBridge.m; sourceTree = "<group>"; };
		80CFD8B323759BE60034F767 /* WebViewJavascriptBridge_JS.h */ = {isa = PBXFileReference; fileEncoding = 4; lastKnownFileType = sourcecode.c.h; path = WebViewJavascriptBridge_JS.h; sourceTree = "<group>"; };
		80CFD8B423759BE60034F767 /* WebViewJavascriptBridgeBase.h */ = {isa = PBXFileReference; fileEncoding = 4; lastKnownFileType = sourcecode.c.h; path = WebViewJavascriptBridgeBase.h; sourceTree = "<group>"; };
		80CFD8B523759BE60034F767 /* WebViewJavascriptBridge_JS.m */ = {isa = PBXFileReference; fileEncoding = 4; lastKnownFileType = sourcecode.c.objc; path = WebViewJavascriptBridge_JS.m; sourceTree = "<group>"; };
		80CFD8B623759BE60034F767 /* WebViewJavascriptBridge.h */ = {isa = PBXFileReference; fileEncoding = 4; lastKnownFileType = sourcecode.c.h; path = WebViewJavascriptBridge.h; sourceTree = "<group>"; };
		80CFD8B723759BE60034F767 /* WKWebViewJavascriptBridge.h */ = {isa = PBXFileReference; fileEncoding = 4; lastKnownFileType = sourcecode.c.h; path = WKWebViewJavascriptBridge.h; sourceTree = "<group>"; };
		80CFD8B923759BE60034F767 /* AES.swift */ = {isa = PBXFileReference; fileEncoding = 4; lastKnownFileType = sourcecode.swift; path = AES.swift; sourceTree = "<group>"; };
		80CFD8BA23759BE60034F767 /* StreamDecryptor.swift */ = {isa = PBXFileReference; fileEncoding = 4; lastKnownFileType = sourcecode.swift; path = StreamDecryptor.swift; sourceTree = "<group>"; };
		80CFD8BB23759BE60034F767 /* Operators1.swift */ = {isa = PBXFileReference; fileEncoding = 4; lastKnownFileType = sourcecode.swift; path = Operators1.swift; sourceTree = "<group>"; };
		80CFD8BC23759BE60034F767 /* BlockEncryptor.swift */ = {isa = PBXFileReference; fileEncoding = 4; lastKnownFileType = sourcecode.swift; path = BlockEncryptor.swift; sourceTree = "<group>"; };
		80CFD8BD23759BE60034F767 /* UInt64+Extension.swift */ = {isa = PBXFileReference; fileEncoding = 4; lastKnownFileType = sourcecode.swift; path = "UInt64+Extension.swift"; sourceTree = "<group>"; };
		80CFD8BE23759BE60034F767 /* Cryptors.swift */ = {isa = PBXFileReference; fileEncoding = 4; lastKnownFileType = sourcecode.swift; path = Cryptors.swift; sourceTree = "<group>"; };
		80CFD8BF23759BE60034F767 /* HKDF.swift */ = {isa = PBXFileReference; fileEncoding = 4; lastKnownFileType = sourcecode.swift; path = HKDF.swift; sourceTree = "<group>"; };
		80CFD8C023759BE60034F767 /* Cipher.swift */ = {isa = PBXFileReference; fileEncoding = 4; lastKnownFileType = sourcecode.swift; path = Cipher.swift; sourceTree = "<group>"; };
		80CFD8C223759BE60034F767 /* AEADChaCha20Poly1305.swift */ = {isa = PBXFileReference; fileEncoding = 4; lastKnownFileType = sourcecode.swift; path = AEADChaCha20Poly1305.swift; sourceTree = "<group>"; };
		80CFD8C323759BE60034F767 /* AEAD.swift */ = {isa = PBXFileReference; fileEncoding = 4; lastKnownFileType = sourcecode.swift; path = AEAD.swift; sourceTree = "<group>"; };
		80CFD8C423759BE60034F767 /* CBCMAC.swift */ = {isa = PBXFileReference; fileEncoding = 4; lastKnownFileType = sourcecode.swift; path = CBCMAC.swift; sourceTree = "<group>"; };
		80CFD8C523759BE60034F767 /* Int+Extension.swift */ = {isa = PBXFileReference; fileEncoding = 4; lastKnownFileType = sourcecode.swift; path = "Int+Extension.swift"; sourceTree = "<group>"; };
		80CFD8C623759BE60034F767 /* AES.Cryptors.swift */ = {isa = PBXFileReference; fileEncoding = 4; lastKnownFileType = sourcecode.swift; path = AES.Cryptors.swift; sourceTree = "<group>"; };
		80CFD8C723759BE60034F767 /* Bit.swift */ = {isa = PBXFileReference; fileEncoding = 4; lastKnownFileType = sourcecode.swift; path = Bit.swift; sourceTree = "<group>"; };
		80CFD8C823759BE60034F767 /* HMAC.swift */ = {isa = PBXFileReference; fileEncoding = 4; lastKnownFileType = sourcecode.swift; path = HMAC.swift; sourceTree = "<group>"; };
		80CFD8C923759BE60034F767 /* CMAC.swift */ = {isa = PBXFileReference; fileEncoding = 4; lastKnownFileType = sourcecode.swift; path = CMAC.swift; sourceTree = "<group>"; };
		80CFD8CA23759BE60034F767 /* UInt16+Extension.swift */ = {isa = PBXFileReference; fileEncoding = 4; lastKnownFileType = sourcecode.swift; path = "UInt16+Extension.swift"; sourceTree = "<group>"; };
		80CFD8CB23759BE60034F767 /* Collection+Extension.swift */ = {isa = PBXFileReference; fileEncoding = 4; lastKnownFileType = sourcecode.swift; path = "Collection+Extension.swift"; sourceTree = "<group>"; };
		80CFD8CC23759BE60034F767 /* UInt32+Extension.swift */ = {isa = PBXFileReference; fileEncoding = 4; lastKnownFileType = sourcecode.swift; path = "UInt32+Extension.swift"; sourceTree = "<group>"; };
		80CFD8CD23759BE60034F767 /* Digest.swift */ = {isa = PBXFileReference; fileEncoding = 4; lastKnownFileType = sourcecode.swift; path = Digest.swift; sourceTree = "<group>"; };
		80CFD8CE23759BE60034F767 /* UInt128.swift */ = {isa = PBXFileReference; fileEncoding = 4; lastKnownFileType = sourcecode.swift; path = UInt128.swift; sourceTree = "<group>"; };
		80CFD8CF23759BE60034F767 /* Scrypt.swift */ = {isa = PBXFileReference; fileEncoding = 4; lastKnownFileType = sourcecode.swift; path = Scrypt.swift; sourceTree = "<group>"; };
		80CFD8D023759BE60034F767 /* NoPadding.swift */ = {isa = PBXFileReference; fileEncoding = 4; lastKnownFileType = sourcecode.swift; path = NoPadding.swift; sourceTree = "<group>"; };
		80CFD8D223759BE60034F767 /* String+FoundationExtension.swift */ = {isa = PBXFileReference; fileEncoding = 4; lastKnownFileType = sourcecode.swift; path = "String+FoundationExtension.swift"; sourceTree = "<group>"; };
		80CFD8D323759BE60034F767 /* Blowfish+Foundation.swift */ = {isa = PBXFileReference; fileEncoding = 4; lastKnownFileType = sourcecode.swift; path = "Blowfish+Foundation.swift"; sourceTree = "<group>"; };
		80CFD8D423759BE60034F767 /* Utils+Foundation.swift */ = {isa = PBXFileReference; fileEncoding = 4; lastKnownFileType = sourcecode.swift; path = "Utils+Foundation.swift"; sourceTree = "<group>"; };
		80CFD8D523759BE60034F767 /* HMAC+Foundation.swift */ = {isa = PBXFileReference; fileEncoding = 4; lastKnownFileType = sourcecode.swift; path = "HMAC+Foundation.swift"; sourceTree = "<group>"; };
		80CFD8D623759BE60034F767 /* Data+Extension.swift */ = {isa = PBXFileReference; fileEncoding = 4; lastKnownFileType = sourcecode.swift; path = "Data+Extension.swift"; sourceTree = "<group>"; };
		80CFD8D723759BE60034F767 /* ChaCha20+Foundation.swift */ = {isa = PBXFileReference; fileEncoding = 4; lastKnownFileType = sourcecode.swift; path = "ChaCha20+Foundation.swift"; sourceTree = "<group>"; };
		80CFD8D823759BE60034F767 /* Array+Foundation.swift */ = {isa = PBXFileReference; fileEncoding = 4; lastKnownFileType = sourcecode.swift; path = "Array+Foundation.swift"; sourceTree = "<group>"; };
		80CFD8D923759BE60034F767 /* AES+Foundation.swift */ = {isa = PBXFileReference; fileEncoding = 4; lastKnownFileType = sourcecode.swift; path = "AES+Foundation.swift"; sourceTree = "<group>"; };
		80CFD8DA23759BE60034F767 /* Rabbit+Foundation.swift */ = {isa = PBXFileReference; fileEncoding = 4; lastKnownFileType = sourcecode.swift; path = "Rabbit+Foundation.swift"; sourceTree = "<group>"; };
		80CFD8DB23759BE60034F767 /* UInt8+Extension.swift */ = {isa = PBXFileReference; fileEncoding = 4; lastKnownFileType = sourcecode.swift; path = "UInt8+Extension.swift"; sourceTree = "<group>"; };
		80CFD8DC23759BE60034F767 /* MD5.swift */ = {isa = PBXFileReference; fileEncoding = 4; lastKnownFileType = sourcecode.swift; path = MD5.swift; sourceTree = "<group>"; };
		80CFD8DD23759BE60034F767 /* Cryptor.swift */ = {isa = PBXFileReference; fileEncoding = 4; lastKnownFileType = sourcecode.swift; path = Cryptor.swift; sourceTree = "<group>"; };
		80CFD8DE23759BE60034F767 /* CompactMap.swift */ = {isa = PBXFileReference; fileEncoding = 4; lastKnownFileType = sourcecode.swift; path = CompactMap.swift; sourceTree = "<group>"; };
		80CFD8DF23759BE60034F767 /* BatchedCollection.swift */ = {isa = PBXFileReference; fileEncoding = 4; lastKnownFileType = sourcecode.swift; path = BatchedCollection.swift; sourceTree = "<group>"; };
		80CFD8E023759BE60034F767 /* SecureBytes.swift */ = {isa = PBXFileReference; fileEncoding = 4; lastKnownFileType = sourcecode.swift; path = SecureBytes.swift; sourceTree = "<group>"; };
		80CFD8E123759BE60034F767 /* ZeroPadding.swift */ = {isa = PBXFileReference; fileEncoding = 4; lastKnownFileType = sourcecode.swift; path = ZeroPadding.swift; sourceTree = "<group>"; };
		80CFD8E223759BE60034F767 /* String+Extension.swift */ = {isa = PBXFileReference; fileEncoding = 4; lastKnownFileType = sourcecode.swift; path = "String+Extension.swift"; sourceTree = "<group>"; };
		80CFD8E323759BE60034F767 /* Authenticator.swift */ = {isa = PBXFileReference; fileEncoding = 4; lastKnownFileType = sourcecode.swift; path = Authenticator.swift; sourceTree = "<group>"; };
		80CFD8E423759BE60034F767 /* SHA3.swift */ = {isa = PBXFileReference; fileEncoding = 4; lastKnownFileType = sourcecode.swift; path = SHA3.swift; sourceTree = "<group>"; };
		80CFD8E523759BE60034F767 /* RandomBytesSequence.swift */ = {isa = PBXFileReference; fileEncoding = 4; lastKnownFileType = sourcecode.swift; path = RandomBytesSequence.swift; sourceTree = "<group>"; };
		80CFD8E623759BE60034F767 /* Rabbit.swift */ = {isa = PBXFileReference; fileEncoding = 4; lastKnownFileType = sourcecode.swift; path = Rabbit.swift; sourceTree = "<group>"; };
		80CFD8E723759BE60034F767 /* SHA1.swift */ = {isa = PBXFileReference; fileEncoding = 4; lastKnownFileType = sourcecode.swift; path = SHA1.swift; sourceTree = "<group>"; };
		80CFD8E823759BE60034F767 /* Poly1305.swift */ = {isa = PBXFileReference; fileEncoding = 4; lastKnownFileType = sourcecode.swift; path = Poly1305.swift; sourceTree = "<group>"; };
		80CFD8E923759BE60034F767 /* BlockCipher.swift */ = {isa = PBXFileReference; fileEncoding = 4; lastKnownFileType = sourcecode.swift; path = BlockCipher.swift; sourceTree = "<group>"; };
		80CFD8EA23759BE60034F767 /* Updatable.swift */ = {isa = PBXFileReference; fileEncoding = 4; lastKnownFileType = sourcecode.swift; path = Updatable.swift; sourceTree = "<group>"; };
		80CFD8EB23759BE60034F767 /* Blowfish.swift */ = {isa = PBXFileReference; fileEncoding = 4; lastKnownFileType = sourcecode.swift; path = Blowfish.swift; sourceTree = "<group>"; };
		80CFD8EC23759BE60034F767 /* BlockDecryptor.swift */ = {isa = PBXFileReference; fileEncoding = 4; lastKnownFileType = sourcecode.swift; path = BlockDecryptor.swift; sourceTree = "<group>"; };
		80CFD8ED23759BE60034F767 /* StreamEncryptor.swift */ = {isa = PBXFileReference; fileEncoding = 4; lastKnownFileType = sourcecode.swift; path = StreamEncryptor.swift; sourceTree = "<group>"; };
		80CFD8EE23759BE60034F767 /* DigestType.swift */ = {isa = PBXFileReference; fileEncoding = 4; lastKnownFileType = sourcecode.swift; path = DigestType.swift; sourceTree = "<group>"; };
		80CFD8EF23759BE60034F767 /* Utils.swift */ = {isa = PBXFileReference; fileEncoding = 4; lastKnownFileType = sourcecode.swift; path = Utils.swift; sourceTree = "<group>"; };
		80CFD8F023759BE60034F767 /* Generics.swift */ = {isa = PBXFileReference; fileEncoding = 4; lastKnownFileType = sourcecode.swift; path = Generics.swift; sourceTree = "<group>"; };
		80CFD8F123759BE60034F767 /* Checksum.swift */ = {isa = PBXFileReference; fileEncoding = 4; lastKnownFileType = sourcecode.swift; path = Checksum.swift; sourceTree = "<group>"; };
		80CFD8F223759BE60034F767 /* SHA2.swift */ = {isa = PBXFileReference; fileEncoding = 4; lastKnownFileType = sourcecode.swift; path = SHA2.swift; sourceTree = "<group>"; };
		80CFD8F323759BE60034F767 /* Padding.swift */ = {isa = PBXFileReference; fileEncoding = 4; lastKnownFileType = sourcecode.swift; path = Padding.swift; sourceTree = "<group>"; };
		80CFD8F523759BE60034F767 /* PKCS7Padding.swift */ = {isa = PBXFileReference; fileEncoding = 4; lastKnownFileType = sourcecode.swift; path = PKCS7Padding.swift; sourceTree = "<group>"; };
		80CFD8F623759BE60034F767 /* PKCS5.swift */ = {isa = PBXFileReference; fileEncoding = 4; lastKnownFileType = sourcecode.swift; path = PKCS5.swift; sourceTree = "<group>"; };
		80CFD8F723759BE60034F767 /* PKCS7.swift */ = {isa = PBXFileReference; fileEncoding = 4; lastKnownFileType = sourcecode.swift; path = PKCS7.swift; sourceTree = "<group>"; };
		80CFD8F823759BE60034F767 /* PBKDF2.swift */ = {isa = PBXFileReference; fileEncoding = 4; lastKnownFileType = sourcecode.swift; path = PBKDF2.swift; sourceTree = "<group>"; };
		80CFD8F923759BE60034F767 /* PBKDF1.swift */ = {isa = PBXFileReference; fileEncoding = 4; lastKnownFileType = sourcecode.swift; path = PBKDF1.swift; sourceTree = "<group>"; };
		80CFD8FB23759BE60034F767 /* BlockModeOptions.swift */ = {isa = PBXFileReference; fileEncoding = 4; lastKnownFileType = sourcecode.swift; path = BlockModeOptions.swift; sourceTree = "<group>"; };
		80CFD8FC23759BE60034F767 /* CFB.swift */ = {isa = PBXFileReference; fileEncoding = 4; lastKnownFileType = sourcecode.swift; path = CFB.swift; sourceTree = "<group>"; };
		80CFD8FD23759BE60034F767 /* CBC.swift */ = {isa = PBXFileReference; fileEncoding = 4; lastKnownFileType = sourcecode.swift; path = CBC.swift; sourceTree = "<group>"; };
		80CFD8FE23759BE60034F767 /* ECB.swift */ = {isa = PBXFileReference; fileEncoding = 4; lastKnownFileType = sourcecode.swift; path = ECB.swift; sourceTree = "<group>"; };
		80CFD8FF23759BE60034F767 /* CCM.swift */ = {isa = PBXFileReference; fileEncoding = 4; lastKnownFileType = sourcecode.swift; path = CCM.swift; sourceTree = "<group>"; };
		80CFD90023759BE60034F767 /* PCBC.swift */ = {isa = PBXFileReference; fileEncoding = 4; lastKnownFileType = sourcecode.swift; path = PCBC.swift; sourceTree = "<group>"; };
		80CFD90123759BE60034F767 /* BlockMode.swift */ = {isa = PBXFileReference; fileEncoding = 4; lastKnownFileType = sourcecode.swift; path = BlockMode.swift; sourceTree = "<group>"; };
		80CFD90223759BE60034F767 /* GCM.swift */ = {isa = PBXFileReference; fileEncoding = 4; lastKnownFileType = sourcecode.swift; path = GCM.swift; sourceTree = "<group>"; };
		80CFD90323759BE60034F767 /* CipherModeWorker.swift */ = {isa = PBXFileReference; fileEncoding = 4; lastKnownFileType = sourcecode.swift; path = CipherModeWorker.swift; sourceTree = "<group>"; };
		80CFD90423759BE60034F767 /* CTR.swift */ = {isa = PBXFileReference; fileEncoding = 4; lastKnownFileType = sourcecode.swift; path = CTR.swift; sourceTree = "<group>"; };
		80CFD90523759BE60034F767 /* OFB.swift */ = {isa = PBXFileReference; fileEncoding = 4; lastKnownFileType = sourcecode.swift; path = OFB.swift; sourceTree = "<group>"; };
		80CFD90623759BE60034F767 /* ChaCha20.swift */ = {isa = PBXFileReference; fileEncoding = 4; lastKnownFileType = sourcecode.swift; path = ChaCha20.swift; sourceTree = "<group>"; };
		80CFD90723759BE60034F767 /* Array+Extension.swift */ = {isa = PBXFileReference; fileEncoding = 4; lastKnownFileType = sourcecode.swift; path = "Array+Extension.swift"; sourceTree = "<group>"; };
		80CFD90823759BE60034F767 /* HostViewController.swift */ = {isa = PBXFileReference; fileEncoding = 4; lastKnownFileType = sourcecode.swift; path = HostViewController.swift; sourceTree = "<group>"; };
		80CFD90923759BE60034F767 /* RsaOaep256A128GCM.swift */ = {isa = PBXFileReference; fileEncoding = 4; lastKnownFileType = sourcecode.swift; path = RsaOaep256A128GCM.swift; sourceTree = "<group>"; };
		80CFD90B23759BE60034F767 /* Permission.swift */ = {isa = PBXFileReference; fileEncoding = 4; lastKnownFileType = sourcecode.swift; path = Permission.swift; sourceTree = "<group>"; };
		80CFD90C23759BE60034F767 /* PayData.swift */ = {isa = PBXFileReference; fileEncoding = 4; lastKnownFileType = sourcecode.swift; path = PayData.swift; sourceTree = "<group>"; };
		80CFD90D23759BE60034F767 /* EnvBase.swift */ = {isa = PBXFileReference; fileEncoding = 4; lastKnownFileType = sourcecode.swift; path = EnvBase.swift; sourceTree = "<group>"; };
		80CFD90E23759BE60034F767 /* CardDetails.swift */ = {isa = PBXFileReference; fileEncoding = 4; lastKnownFileType = sourcecode.swift; path = CardDetails.swift; sourceTree = "<group>"; };
		80CFD90F23759BE60034F767 /* Auth.swift */ = {isa = PBXFileReference; fileEncoding = 4; lastKnownFileType = sourcecode.swift; path = Auth.swift; sourceTree = "<group>"; };
		80CFD91023759BE60034F767 /* PayResult.swift */ = {isa = PBXFileReference; fileEncoding = 4; lastKnownFileType = sourcecode.swift; path = PayResult.swift; sourceTree = "<group>"; };
		80CFD91123759BE60034F767 /* txResp.swift */ = {isa = PBXFileReference; fileEncoding = 4; lastKnownFileType = sourcecode.swift; path = txResp.swift; sourceTree = "<group>"; };
		80CFD91223759BE60034F767 /* Country.swift */ = {isa = PBXFileReference; fileEncoding = 4; lastKnownFileType = sourcecode.swift; path = Country.swift; sourceTree = "<group>"; };
		80CFD91323759BE60034F767 /* Detail.swift */ = {isa = PBXFileReference; fileEncoding = 4; lastKnownFileType = sourcecode.swift; path = Detail.swift; sourceTree = "<group>"; };
		80CFD91423759BE60034F767 /* Src.swift */ = {isa = PBXFileReference; fileEncoding = 4; lastKnownFileType = sourcecode.swift; path = Src.swift; sourceTree = "<group>"; };
		80CFD91523759BE60034F767 /* PRC.swift */ = {isa = PBXFileReference; fileEncoding = 4; lastKnownFileType = sourcecode.swift; path = PRC.swift; sourceTree = "<group>"; };
		80CFD91723759BE60034F767 /* AliPayHKClass.swift */ = {isa = PBXFileReference; fileEncoding = 4; lastKnownFileType = sourcecode.swift; path = AliPayHKClass.swift; sourceTree = "<group>"; };
		80CFD91823759BE60034F767 /* AliPayCNClass.swift */ = {isa = PBXFileReference; fileEncoding = 4; lastKnownFileType = sourcecode.swift; path = AliPayCNClass.swift; sourceTree = "<group>"; };
		80CFD91923759BE60034F767 /* AliPayClass.swift */ = {isa = PBXFileReference; fileEncoding = 4; lastKnownFileType = sourcecode.swift; path = AliPayClass.swift; sourceTree = "<group>"; };
		80CFD91A23759BE70034F767 /* PaySDK.swift */ = {isa = PBXFileReference; fileEncoding = 4; lastKnownFileType = sourcecode.swift; path = PaySDK.swift; sourceTree = "<group>"; };
		80CFD91B23759BE70034F767 /* MakePayment.swift */ = {isa = PBXFileReference; fileEncoding = 4; lastKnownFileType = sourcecode.swift; path = MakePayment.swift; sourceTree = "<group>"; };
		80CFD91C23759BE70034F767 /* Wrapper.m */ = {isa = PBXFileReference; fileEncoding = 4; lastKnownFileType = sourcecode.c.objc; path = Wrapper.m; sourceTree = "<group>"; };
		80CFD91D23759BE70034F767 /* KeyChainUtil.swift */ = {isa = PBXFileReference; fileEncoding = 4; lastKnownFileType = sourcecode.swift; path = KeyChainUtil.swift; sourceTree = "<group>"; };
		80CFD91E23759BE70034F767 /* Constants.swift */ = {isa = PBXFileReference; fileEncoding = 4; lastKnownFileType = sourcecode.swift; path = Constants.swift; sourceTree = "<group>"; };
		80CFD91F23759BE70034F767 /* PlistInfo.swift */ = {isa = PBXFileReference; fileEncoding = 4; lastKnownFileType = sourcecode.swift; path = PlistInfo.swift; sourceTree = "<group>"; };
		80CFD92023759BE70034F767 /* Wrapper.h */ = {isa = PBXFileReference; fileEncoding = 4; lastKnownFileType = sourcecode.c.h; path = Wrapper.h; sourceTree = "<group>"; };
		80CFD92123759BE70034F767 /* DeviceInfoPaySDK.swift */ = {isa = PBXFileReference; fileEncoding = 4; lastKnownFileType = sourcecode.swift; path = DeviceInfoPaySDK.swift; sourceTree = "<group>"; };
		80CFD92223759BE70034F767 /* callBackFromAliPay.h */ = {isa = PBXFileReference; fileEncoding = 4; lastKnownFileType = sourcecode.c.h; path = callBackFromAliPay.h; sourceTree = "<group>"; };
		80CFD9A323759C740034F767 /* AlipaySDK.framework */ = {isa = PBXFileReference; lastKnownFileType = wrapper.framework; name = AlipaySDK.framework; path = AlipaySDK/AlipaySDK.framework; sourceTree = "<group>"; };
		80CFD9A723759CC80034F767 /* CoreGraphics.framework */ = {isa = PBXFileReference; lastKnownFileType = wrapper.framework; name = CoreGraphics.framework; path = Platforms/MacOSX.platform/Developer/SDKs/MacOSX10.15.sdk/System/Library/Frameworks/CoreGraphics.framework; sourceTree = DEVELOPER_DIR; };
		80CFD9A823759CC80034F767 /* QuartzCore.framework */ = {isa = PBXFileReference; lastKnownFileType = wrapper.framework; name = QuartzCore.framework; path = Platforms/MacOSX.platform/Developer/SDKs/MacOSX10.15.sdk/System/Library/Frameworks/QuartzCore.framework; sourceTree = DEVELOPER_DIR; };
		80CFD9A923759CC80034F767 /* CoreMotion.framework */ = {isa = PBXFileReference; lastKnownFileType = wrapper.framework; name = CoreMotion.framework; path = Platforms/MacOSX.platform/Developer/SDKs/MacOSX10.15.sdk/System/Library/Frameworks/CoreMotion.framework; sourceTree = DEVELOPER_DIR; };
		80CFD9AA23759CC80034F767 /* CoreText.framework */ = {isa = PBXFileReference; lastKnownFileType = wrapper.framework; name = CoreText.framework; path = Platforms/MacOSX.platform/Developer/SDKs/MacOSX10.15.sdk/System/Library/Frameworks/CoreText.framework; sourceTree = DEVELOPER_DIR; };
		80CFD9AB23759CC80034F767 /* CoreTelephony.framework */ = {isa = PBXFileReference; lastKnownFileType = wrapper.framework; name = CoreTelephony.framework; path = Platforms/MacOSX.platform/Developer/SDKs/MacOSX10.15.sdk/System/Library/Frameworks/CoreTelephony.framework; sourceTree = DEVELOPER_DIR; };
		80CFD9B123759CCE0034F767 /* libc++.tbd */ = {isa = PBXFileReference; lastKnownFileType = "sourcecode.text-based-dylib-definition"; name = "libc++.tbd"; path = "Platforms/MacOSX.platform/Developer/SDKs/MacOSX10.15.sdk/usr/lib/libc++.tbd"; sourceTree = DEVELOPER_DIR; };
		80CFD9B223759CD50034F767 /* libz.tbd */ = {isa = PBXFileReference; lastKnownFileType = "sourcecode.text-based-dylib-definition"; name = libz.tbd; path = Platforms/MacOSX.platform/Developer/SDKs/MacOSX10.15.sdk/usr/lib/libz.tbd; sourceTree = DEVELOPER_DIR; };
		80CFD9B323759CDF0034F767 /* SystemConfiguration.framework */ = {isa = PBXFileReference; lastKnownFileType = wrapper.framework; name = SystemConfiguration.framework; path = Platforms/MacOSX.platform/Developer/SDKs/MacOSX10.15.sdk/System/Library/Frameworks/SystemConfiguration.framework; sourceTree = DEVELOPER_DIR; };
		80CFD9B523759CE90034F767 /* UIKit.framework */ = {isa = PBXFileReference; lastKnownFileType = wrapper.framework; name = UIKit.framework; path = System/Library/Frameworks/UIKit.framework; sourceTree = SDKROOT; };
		80CFD9B723759CF30034F767 /* Foundation.framework */ = {isa = PBXFileReference; lastKnownFileType = wrapper.framework; name = Foundation.framework; path = Platforms/MacOSX.platform/Developer/SDKs/MacOSX10.15.sdk/System/Library/Frameworks/Foundation.framework; sourceTree = DEVELOPER_DIR; };
		80CFD9BF23759D5A0034F767 /* testing.app */ = {isa = PBXFileReference; explicitFileType = wrapper.application; includeInIndex = 0; path = testing.app; sourceTree = BUILT_PRODUCTS_DIR; };
		80CFD9C123759D5A0034F767 /* AppDelegate.swift */ = {isa = PBXFileReference; lastKnownFileType = sourcecode.swift; path = AppDelegate.swift; sourceTree = "<group>"; };
		80CFD9C523759D5A0034F767 /* ViewController.swift */ = {isa = PBXFileReference; lastKnownFileType = sourcecode.swift; path = ViewController.swift; sourceTree = "<group>"; };
		80CFD9C823759D5A0034F767 /* Base */ = {isa = PBXFileReference; lastKnownFileType = file.storyboard; name = Base; path = Base.lproj/Main.storyboard; sourceTree = "<group>"; };
		80CFD9CA23759D5B0034F767 /* Assets.xcassets */ = {isa = PBXFileReference; lastKnownFileType = folder.assetcatalog; path = Assets.xcassets; sourceTree = "<group>"; };
		80CFD9CD23759D5B0034F767 /* Base */ = {isa = PBXFileReference; lastKnownFileType = file.storyboard; name = Base; path = Base.lproj/LaunchScreen.storyboard; sourceTree = "<group>"; };
		80CFD9CF23759D5B0034F767 /* Info.plist */ = {isa = PBXFileReference; lastKnownFileType = text.plist.xml; path = Info.plist; sourceTree = "<group>"; };
		80CFD9D823759E410034F767 /* paysdk.plist */ = {isa = PBXFileReference; fileEncoding = 4; lastKnownFileType = text.plist.xml; path = paysdk.plist; sourceTree = "<group>"; };
/* End PBXFileReference section */

/* Begin PBXFrameworksBuildPhase section */
		80CFD77E23759AF40034F767 /* Frameworks */ = {
			isa = PBXFrameworksBuildPhase;
			buildActionMask = 2147483647;
			files = (
				80CFD9AC23759CC80034F767 /* CoreGraphics.framework in Frameworks */,
				80CFD9BA23759D300034F767 /* libz.tbd in Frameworks */,
				80CFD9B823759CF30034F767 /* Foundation.framework in Frameworks */,
				80CFD9B623759CE90034F767 /* UIKit.framework in Frameworks */,
				80CFD9B423759CE00034F767 /* SystemConfiguration.framework in Frameworks */,
				80CFD9A423759C740034F767 /* AlipaySDK.framework in Frameworks */,
				80CFD9AF23759CC80034F767 /* CoreText.framework in Frameworks */,
				80CFD9B923759D280034F767 /* libc++.tbd in Frameworks */,
				80CFD9AD23759CC80034F767 /* QuartzCore.framework in Frameworks */,
				80CFD9B023759CC80034F767 /* CoreTelephony.framework in Frameworks */,
				80CFD9AE23759CC80034F767 /* CoreMotion.framework in Frameworks */,
			);
			runOnlyForDeploymentPostprocessing = 0;
		};
		80CFD9BC23759D5A0034F767 /* Frameworks */ = {
			isa = PBXFrameworksBuildPhase;
			buildActionMask = 2147483647;
			files = (
				80CFD9D323759D820034F767 /* AP_PaySDK.framework in Frameworks */,
			);
			runOnlyForDeploymentPostprocessing = 0;
		};
/* End PBXFrameworksBuildPhase section */

/* Begin PBXGroup section */
		80CFD77723759AF40034F767 = {
			isa = PBXGroup;
			children = (
				80CFD78323759AF40034F767 /* AP_PaySDK */,
				80CFD9C023759D5A0034F767 /* testing */,
				80CFD78223759AF40034F767 /* Products */,
				80CFD9A223759C730034F767 /* Frameworks */,
			);
			sourceTree = "<group>";
		};
		80CFD78223759AF40034F767 /* Products */ = {
			isa = PBXGroup;
			children = (
				80CFD78123759AF40034F767 /* AP_PaySDK.framework */,
				80CFD9BF23759D5A0034F767 /* testing.app */,
			);
			name = Products;
			sourceTree = "<group>";
		};
		80CFD78323759AF40034F767 /* AP_PaySDK */ = {
			isa = PBXGroup;
			children = (
				80CFD90A23759BE60034F767 /* Model */,
				80CFD89923759BE60034F767 /* Framework */,
				80CFD91623759BE60034F767 /* Alipay */,
				80CFD78423759AF40034F767 /* AP_PaySDK.h */,
				80CFD78523759AF40034F767 /* Info.plist */,
				80CFD89723759BE60034F767 /* APIService.swift */,
				80CFD92223759BE70034F767 /* callBackFromAliPay.h */,
				80CFD91E23759BE70034F767 /* Constants.swift */,
				80CFD92123759BE70034F767 /* DeviceInfoPaySDK.swift */,
				80CFD90823759BE60034F767 /* HostViewController.swift */,
				80CFD91D23759BE70034F767 /* KeyChainUtil.swift */,
				80CFD91B23759BE70034F767 /* MakePayment.swift */,
				80CFD91A23759BE70034F767 /* PaySDK.swift */,
				80CFD91F23759BE70034F767 /* PlistInfo.swift */,
				80CFD89823759BE60034F767 /* Reachability.swift */,
				80CFD90923759BE60034F767 /* RsaOaep256A128GCM.swift */,
				80CFD92023759BE70034F767 /* Wrapper.h */,
				80CFD91C23759BE70034F767 /* Wrapper.m */,
			);
			path = AP_PaySDK;
			sourceTree = "<group>";
		};
		80CFD89923759BE60034F767 /* Framework */ = {
			isa = PBXGroup;
			children = (
				80CFD89A23759BE60034F767 /* Alamofire */,
				80CFD8AF23759BE60034F767 /* WebViewJavascriptBridge */,
				80CFD8B823759BE60034F767 /* CryptoSwift */,
			);
			path = Framework;
			sourceTree = "<group>";
		};
		80CFD89A23759BE60034F767 /* Alamofire */ = {
			isa = PBXGroup;
			children = (
				80CFD89B23759BE60034F767 /* Core */,
				80CFD8A523759BE60034F767 /* Features */,
				80CFD8AC23759BE60034F767 /* Extensions */,
				80CFD8AE23759BE60034F767 /* Alamofire.swift */,
			);
			path = Alamofire;
			sourceTree = "<group>";
		};
		80CFD89B23759BE60034F767 /* Core */ = {
			isa = PBXGroup;
			children = (
				80CFD89C23759BE60034F767 /* TaskDelegate.swift */,
				80CFD89D23759BE60034F767 /* Result.swift */,
				80CFD89E23759BE60034F767 /* ParameterEncoding.swift */,
				80CFD89F23759BE60034F767 /* AFError.swift */,
				80CFD8A023759BE60034F767 /* Notifications.swift */,
				80CFD8A123759BE60034F767 /* Response.swift */,
				80CFD8A223759BE60034F767 /* Request.swift */,
				80CFD8A323759BE60034F767 /* SessionManager.swift */,
				80CFD8A423759BE60034F767 /* SessionDelegate.swift */,
			);
			path = Core;
			sourceTree = "<group>";
		};
		80CFD8A523759BE60034F767 /* Features */ = {
			isa = PBXGroup;
			children = (
				80CFD8A623759BE60034F767 /* MultipartFormData.swift */,
				80CFD8A723759BE60034F767 /* NetworkReachabilityManager.swift */,
				80CFD8A823759BE60034F767 /* Timeline.swift */,
				80CFD8A923759BE60034F767 /* Validation.swift */,
				80CFD8AA23759BE60034F767 /* ResponseSerialization.swift */,
				80CFD8AB23759BE60034F767 /* ServerTrustPolicy.swift */,
			);
			path = Features;
			sourceTree = "<group>";
		};
		80CFD8AC23759BE60034F767 /* Extensions */ = {
			isa = PBXGroup;
			children = (
				80CFD8AD23759BE60034F767 /* DispatchQueue+Alamofire.swift */,
			);
			path = Extensions;
			sourceTree = "<group>";
		};
		80CFD8AF23759BE60034F767 /* WebViewJavascriptBridge */ = {
			isa = PBXGroup;
			children = (
				80CFD8B023759BE60034F767 /* WebViewJavascriptBridgeBase.m */,
				80CFD8B123759BE60034F767 /* WKWebViewJavascriptBridge.m */,
				80CFD8B223759BE60034F767 /* WebViewJavascriptBridge.m */,
				80CFD8B323759BE60034F767 /* WebViewJavascriptBridge_JS.h */,
				80CFD8B423759BE60034F767 /* WebViewJavascriptBridgeBase.h */,
				80CFD8B523759BE60034F767 /* WebViewJavascriptBridge_JS.m */,
				80CFD8B623759BE60034F767 /* WebViewJavascriptBridge.h */,
				80CFD8B723759BE60034F767 /* WKWebViewJavascriptBridge.h */,
			);
			path = WebViewJavascriptBridge;
			sourceTree = "<group>";
		};
		80CFD8B823759BE60034F767 /* CryptoSwift */ = {
			isa = PBXGroup;
			children = (
				80CFD8B923759BE60034F767 /* AES.swift */,
				80CFD8BA23759BE60034F767 /* StreamDecryptor.swift */,
				80CFD8BB23759BE60034F767 /* Operators1.swift */,
				80CFD8BC23759BE60034F767 /* BlockEncryptor.swift */,
				80CFD8BD23759BE60034F767 /* UInt64+Extension.swift */,
				80CFD8BE23759BE60034F767 /* Cryptors.swift */,
				80CFD8BF23759BE60034F767 /* HKDF.swift */,
				80CFD8C023759BE60034F767 /* Cipher.swift */,
				80CFD8C123759BE60034F767 /* AEAD */,
				80CFD8C423759BE60034F767 /* CBCMAC.swift */,
				80CFD8C523759BE60034F767 /* Int+Extension.swift */,
				80CFD8C623759BE60034F767 /* AES.Cryptors.swift */,
				80CFD8C723759BE60034F767 /* Bit.swift */,
				80CFD8C823759BE60034F767 /* HMAC.swift */,
				80CFD8C923759BE60034F767 /* CMAC.swift */,
				80CFD8CA23759BE60034F767 /* UInt16+Extension.swift */,
				80CFD8CB23759BE60034F767 /* Collection+Extension.swift */,
				80CFD8CC23759BE60034F767 /* UInt32+Extension.swift */,
				80CFD8CD23759BE60034F767 /* Digest.swift */,
				80CFD8CE23759BE60034F767 /* UInt128.swift */,
				80CFD8CF23759BE60034F767 /* Scrypt.swift */,
				80CFD8D023759BE60034F767 /* NoPadding.swift */,
				80CFD8D123759BE60034F767 /* Foundation */,
				80CFD8DB23759BE60034F767 /* UInt8+Extension.swift */,
				80CFD8DC23759BE60034F767 /* MD5.swift */,
				80CFD8DD23759BE60034F767 /* Cryptor.swift */,
				80CFD8DE23759BE60034F767 /* CompactMap.swift */,
				80CFD8DF23759BE60034F767 /* BatchedCollection.swift */,
				80CFD8E023759BE60034F767 /* SecureBytes.swift */,
				80CFD8E123759BE60034F767 /* ZeroPadding.swift */,
				80CFD8E223759BE60034F767 /* String+Extension.swift */,
				80CFD8E323759BE60034F767 /* Authenticator.swift */,
				80CFD8E423759BE60034F767 /* SHA3.swift */,
				80CFD8E523759BE60034F767 /* RandomBytesSequence.swift */,
				80CFD8E623759BE60034F767 /* Rabbit.swift */,
				80CFD8E723759BE60034F767 /* SHA1.swift */,
				80CFD8E823759BE60034F767 /* Poly1305.swift */,
				80CFD8E923759BE60034F767 /* BlockCipher.swift */,
				80CFD8EA23759BE60034F767 /* Updatable.swift */,
				80CFD8EB23759BE60034F767 /* Blowfish.swift */,
				80CFD8EC23759BE60034F767 /* BlockDecryptor.swift */,
				80CFD8ED23759BE60034F767 /* StreamEncryptor.swift */,
				80CFD8EE23759BE60034F767 /* DigestType.swift */,
				80CFD8EF23759BE60034F767 /* Utils.swift */,
				80CFD8F023759BE60034F767 /* Generics.swift */,
				80CFD8F123759BE60034F767 /* Checksum.swift */,
				80CFD8F223759BE60034F767 /* SHA2.swift */,
				80CFD8F323759BE60034F767 /* Padding.swift */,
				80CFD8F423759BE60034F767 /* PKCS */,
				80CFD8FA23759BE60034F767 /* BlockMode */,
				80CFD90623759BE60034F767 /* ChaCha20.swift */,
				80CFD90723759BE60034F767 /* Array+Extension.swift */,
			);
			path = CryptoSwift;
			sourceTree = "<group>";
		};
		80CFD8C123759BE60034F767 /* AEAD */ = {
			isa = PBXGroup;
			children = (
				80CFD8C223759BE60034F767 /* AEADChaCha20Poly1305.swift */,
				80CFD8C323759BE60034F767 /* AEAD.swift */,
			);
			path = AEAD;
			sourceTree = "<group>";
		};
		80CFD8D123759BE60034F767 /* Foundation */ = {
			isa = PBXGroup;
			children = (
				80CFD8D223759BE60034F767 /* String+FoundationExtension.swift */,
				80CFD8D323759BE60034F767 /* Blowfish+Foundation.swift */,
				80CFD8D423759BE60034F767 /* Utils+Foundation.swift */,
				80CFD8D523759BE60034F767 /* HMAC+Foundation.swift */,
				80CFD8D623759BE60034F767 /* Data+Extension.swift */,
				80CFD8D723759BE60034F767 /* ChaCha20+Foundation.swift */,
				80CFD8D823759BE60034F767 /* Array+Foundation.swift */,
				80CFD8D923759BE60034F767 /* AES+Foundation.swift */,
				80CFD8DA23759BE60034F767 /* Rabbit+Foundation.swift */,
			);
			path = Foundation;
			sourceTree = "<group>";
		};
		80CFD8F423759BE60034F767 /* PKCS */ = {
			isa = PBXGroup;
			children = (
				80CFD8F523759BE60034F767 /* PKCS7Padding.swift */,
				80CFD8F623759BE60034F767 /* PKCS5.swift */,
				80CFD8F723759BE60034F767 /* PKCS7.swift */,
				80CFD8F823759BE60034F767 /* PBKDF2.swift */,
				80CFD8F923759BE60034F767 /* PBKDF1.swift */,
			);
			path = PKCS;
			sourceTree = "<group>";
		};
		80CFD8FA23759BE60034F767 /* BlockMode */ = {
			isa = PBXGroup;
			children = (
				80CFD8FB23759BE60034F767 /* BlockModeOptions.swift */,
				80CFD8FC23759BE60034F767 /* CFB.swift */,
				80CFD8FD23759BE60034F767 /* CBC.swift */,
				80CFD8FE23759BE60034F767 /* ECB.swift */,
				80CFD8FF23759BE60034F767 /* CCM.swift */,
				80CFD90023759BE60034F767 /* PCBC.swift */,
				80CFD90123759BE60034F767 /* BlockMode.swift */,
				80CFD90223759BE60034F767 /* GCM.swift */,
				80CFD90323759BE60034F767 /* CipherModeWorker.swift */,
				80CFD90423759BE60034F767 /* CTR.swift */,
				80CFD90523759BE60034F767 /* OFB.swift */,
			);
			path = BlockMode;
			sourceTree = "<group>";
		};
		80CFD90A23759BE60034F767 /* Model */ = {
			isa = PBXGroup;
			children = (
				80CFD90B23759BE60034F767 /* Permission.swift */,
				80CFD90C23759BE60034F767 /* PayData.swift */,
				80CFD90D23759BE60034F767 /* EnvBase.swift */,
				80CFD90E23759BE60034F767 /* CardDetails.swift */,
				80CFD90F23759BE60034F767 /* Auth.swift */,
				80CFD91023759BE60034F767 /* PayResult.swift */,
				80CFD91123759BE60034F767 /* txResp.swift */,
				80CFD91223759BE60034F767 /* Country.swift */,
				80CFD91323759BE60034F767 /* Detail.swift */,
				80CFD91423759BE60034F767 /* Src.swift */,
				80CFD91523759BE60034F767 /* PRC.swift */,
			);
			path = Model;
			sourceTree = "<group>";
		};
		80CFD91623759BE60034F767 /* Alipay */ = {
			isa = PBXGroup;
			children = (
				80CFD91723759BE60034F767 /* AliPayHKClass.swift */,
				80CFD91823759BE60034F767 /* AliPayCNClass.swift */,
				80CFD91923759BE60034F767 /* AliPayClass.swift */,
			);
			path = Alipay;
			sourceTree = "<group>";
		};
		80CFD9A223759C730034F767 /* Frameworks */ = {
			isa = PBXGroup;
			children = (
				80CFD9B723759CF30034F767 /* Foundation.framework */,
				80CFD9B523759CE90034F767 /* UIKit.framework */,
				80CFD9B323759CDF0034F767 /* SystemConfiguration.framework */,
				80CFD9B223759CD50034F767 /* libz.tbd */,
				80CFD9B123759CCE0034F767 /* libc++.tbd */,
				80CFD9A723759CC80034F767 /* CoreGraphics.framework */,
				80CFD9A923759CC80034F767 /* CoreMotion.framework */,
				80CFD9AB23759CC80034F767 /* CoreTelephony.framework */,
				80CFD9AA23759CC80034F767 /* CoreText.framework */,
				80CFD9A823759CC80034F767 /* QuartzCore.framework */,
				80CFD9A323759C740034F767 /* AlipaySDK.framework */,
			);
			name = Frameworks;
			sourceTree = "<group>";
		};
		80CFD9C023759D5A0034F767 /* testing */ = {
			isa = PBXGroup;
			children = (
				80CFD9C123759D5A0034F767 /* AppDelegate.swift */,
				80CFD9C523759D5A0034F767 /* ViewController.swift */,
				80CFD9C723759D5A0034F767 /* Main.storyboard */,
				80CFD9CA23759D5B0034F767 /* Assets.xcassets */,
				80CFD9D823759E410034F767 /* paysdk.plist */,
				80CFD9CC23759D5B0034F767 /* LaunchScreen.storyboard */,
				80CFD9CF23759D5B0034F767 /* Info.plist */,
			);
			path = testing;
			sourceTree = "<group>";
		};
/* End PBXGroup section */

/* Begin PBXHeadersBuildPhase section */
		80CFD77C23759AF40034F767 /* Headers */ = {
			isa = PBXHeadersBuildPhase;
			buildActionMask = 2147483647;
			files = (
				80CFD9A123759BE70034F767 /* callBackFromAliPay.h in Headers */,
				80CFD93C23759BE70034F767 /* WebViewJavascriptBridge.h in Headers */,
				80CFD93D23759BE70034F767 /* WKWebViewJavascriptBridge.h in Headers */,
				80CFD99F23759BE70034F767 /* Wrapper.h in Headers */,
				80CFD78623759AF40034F767 /* AP_PaySDK.h in Headers */,
				80CFD93A23759BE70034F767 /* WebViewJavascriptBridgeBase.h in Headers */,
				80CFD93923759BE70034F767 /* WebViewJavascriptBridge_JS.h in Headers */,
			);
			runOnlyForDeploymentPostprocessing = 0;
		};
/* End PBXHeadersBuildPhase section */

/* Begin PBXNativeTarget section */
		80CFD78023759AF40034F767 /* AP_PaySDK */ = {
			isa = PBXNativeTarget;
			buildConfigurationList = 80CFD78923759AF40034F767 /* Build configuration list for PBXNativeTarget "AP_PaySDK" */;
			buildPhases = (
				80CFD77C23759AF40034F767 /* Headers */,
				80CFD77D23759AF40034F767 /* Sources */,
				80CFD77E23759AF40034F767 /* Frameworks */,
				80CFD77F23759AF40034F767 /* Resources */,
			);
			buildRules = (
			);
			dependencies = (
			);
			name = AP_PaySDK;
			productName = AP_PaySDK;
			productReference = 80CFD78123759AF40034F767 /* AP_PaySDK.framework */;
			productType = "com.apple.product-type.framework";
		};
		80CFD9BE23759D5A0034F767 /* testing */ = {
			isa = PBXNativeTarget;
			buildConfigurationList = 80CFD9D023759D5B0034F767 /* Build configuration list for PBXNativeTarget "testing" */;
			buildPhases = (
				80CFD9BB23759D5A0034F767 /* Sources */,
				80CFD9BC23759D5A0034F767 /* Frameworks */,
				80CFD9BD23759D5A0034F767 /* Resources */,
				80CFD9D723759D820034F767 /* Embed Frameworks */,
			);
			buildRules = (
			);
			dependencies = (
				80CFD9D623759D820034F767 /* PBXTargetDependency */,
			);
			name = testing;
			productName = testing;
			productReference = 80CFD9BF23759D5A0034F767 /* testing.app */;
			productType = "com.apple.product-type.application";
		};
/* End PBXNativeTarget section */

/* Begin PBXProject section */
		80CFD77823759AF40034F767 /* Project object */ = {
			isa = PBXProject;
			attributes = {
				LastSwiftUpdateCheck = 1100;
				LastUpgradeCheck = 1100;
				ORGANIZATIONNAME = Vaibhav;
				TargetAttributes = {
					80CFD78023759AF40034F767 = {
						CreatedOnToolsVersion = 11.0;
						LastSwiftMigration = 1100;
					};
					80CFD9BE23759D5A0034F767 = {
						CreatedOnToolsVersion = 11.0;
					};
				};
			};
			buildConfigurationList = 80CFD77B23759AF40034F767 /* Build configuration list for PBXProject "AP_PaySDK" */;
			compatibilityVersion = "Xcode 9.3";
			developmentRegion = en;
			hasScannedForEncodings = 0;
			knownRegions = (
				en,
				Base,
			);
			mainGroup = 80CFD77723759AF40034F767;
			productRefGroup = 80CFD78223759AF40034F767 /* Products */;
			projectDirPath = "";
			projectRoot = "";
			targets = (
				80CFD78023759AF40034F767 /* AP_PaySDK */,
				80CFD9BE23759D5A0034F767 /* testing */,
			);
		};
/* End PBXProject section */

/* Begin PBXResourcesBuildPhase section */
		80CFD77F23759AF40034F767 /* Resources */ = {
			isa = PBXResourcesBuildPhase;
			buildActionMask = 2147483647;
			files = (
			);
			runOnlyForDeploymentPostprocessing = 0;
		};
		80CFD9BD23759D5A0034F767 /* Resources */ = {
			isa = PBXResourcesBuildPhase;
			buildActionMask = 2147483647;
			files = (
				80CFD9CE23759D5B0034F767 /* LaunchScreen.storyboard in Resources */,
				80CFD9CB23759D5B0034F767 /* Assets.xcassets in Resources */,
				80CFD9D923759E410034F767 /* paysdk.plist in Resources */,
				80CFD9C923759D5A0034F767 /* Main.storyboard in Resources */,
			);
			runOnlyForDeploymentPostprocessing = 0;
		};
/* End PBXResourcesBuildPhase section */

/* Begin PBXSourcesBuildPhase section */
		80CFD77D23759AF40034F767 /* Sources */ = {
			isa = PBXSourcesBuildPhase;
			buildActionMask = 2147483647;
			files = (
				80CFD96123759BE70034F767 /* CompactMap.swift in Sources */,
				80CFD96523759BE70034F767 /* String+Extension.swift in Sources */,
				80CFD94F23759BE70034F767 /* Collection+Extension.swift in Sources */,
				80CFD98023759BE70034F767 /* CCM.swift in Sources */,
				80CFD94E23759BE70034F767 /* UInt16+Extension.swift in Sources */,
				80CFD97023759BE70034F767 /* StreamEncryptor.swift in Sources */,
				80CFD96423759BE70034F767 /* ZeroPadding.swift in Sources */,
				80CFD92A23759BE70034F767 /* Response.swift in Sources */,
				80CFD92423759BE70034F767 /* Reachability.swift in Sources */,
				80CFD99323759BE70034F767 /* Detail.swift in Sources */,
				80CFD96E23759BE70034F767 /* Blowfish.swift in Sources */,
				80CFD92923759BE70034F767 /* Notifications.swift in Sources */,
				80CFD97423759BE70034F767 /* Checksum.swift in Sources */,
				80CFD98E23759BE70034F767 /* CardDetails.swift in Sources */,
				80CFD93823759BE70034F767 /* WebViewJavascriptBridge.m in Sources */,
				80CFD99C23759BE70034F767 /* KeyChainUtil.swift in Sources */,
				80CFD96623759BE70034F767 /* Authenticator.swift in Sources */,
				80CFD93223759BE70034F767 /* ResponseSerialization.swift in Sources */,
				80CFD99D23759BE70034F767 /* Constants.swift in Sources */,
				80CFD96D23759BE70034F767 /* Updatable.swift in Sources */,
				80CFD95823759BE70034F767 /* HMAC+Foundation.swift in Sources */,
				80CFD95223759BE70034F767 /* UInt128.swift in Sources */,
				80CFD98223759BE70034F767 /* BlockMode.swift in Sources */,
				80CFD93B23759BE70034F767 /* WebViewJavascriptBridge_JS.m in Sources */,
				80CFD98123759BE70034F767 /* PCBC.swift in Sources */,
				80CFD99123759BE70034F767 /* txResp.swift in Sources */,
				80CFD99E23759BE70034F767 /* PlistInfo.swift in Sources */,
				80CFD93623759BE70034F767 /* WebViewJavascriptBridgeBase.m in Sources */,
				80CFD95423759BE70034F767 /* NoPadding.swift in Sources */,
				80CFD95A23759BE70034F767 /* ChaCha20+Foundation.swift in Sources */,
				80CFD94623759BE70034F767 /* AEADChaCha20Poly1305.swift in Sources */,
				80CFD98823759BE70034F767 /* Array+Extension.swift in Sources */,
				80CFD94023759BE70034F767 /* Operators1.swift in Sources */,
				80CFD92523759BE70034F767 /* TaskDelegate.swift in Sources */,
				80CFD98623759BE70034F767 /* OFB.swift in Sources */,
				80CFD96223759BE70034F767 /* BatchedCollection.swift in Sources */,
				80CFD95E23759BE70034F767 /* UInt8+Extension.swift in Sources */,
				80CFD94923759BE70034F767 /* Int+Extension.swift in Sources */,
				80CFD98B23759BE70034F767 /* Permission.swift in Sources */,
				80CFD94523759BE70034F767 /* Cipher.swift in Sources */,
				80CFD94C23759BE70034F767 /* HMAC.swift in Sources */,
				80CFD96323759BE70034F767 /* SecureBytes.swift in Sources */,
				80CFD92723759BE70034F767 /* ParameterEncoding.swift in Sources */,
				80CFD99523759BE70034F767 /* PRC.swift in Sources */,
				80CFD97623759BE70034F767 /* Padding.swift in Sources */,
				80CFD98423759BE70034F767 /* CipherModeWorker.swift in Sources */,
				80CFD97323759BE70034F767 /* Generics.swift in Sources */,
				80CFD98323759BE70034F767 /* GCM.swift in Sources */,
				80CFD93F23759BE70034F767 /* StreamDecryptor.swift in Sources */,
				80CFD98A23759BE70034F767 /* RsaOaep256A128GCM.swift in Sources */,
				80CFD94223759BE70034F767 /* UInt64+Extension.swift in Sources */,
				80CFD95723759BE70034F767 /* Utils+Foundation.swift in Sources */,
				80CFD96B23759BE70034F767 /* Poly1305.swift in Sources */,
				80CFD99023759BE70034F767 /* PayResult.swift in Sources */,
				80CFD96723759BE70034F767 /* SHA3.swift in Sources */,
				80CFD92F23759BE70034F767 /* NetworkReachabilityManager.swift in Sources */,
				80CFD97923759BE70034F767 /* PKCS7.swift in Sources */,
				80CFD92623759BE70034F767 /* Result.swift in Sources */,
				80CFD95F23759BE70034F767 /* MD5.swift in Sources */,
				80CFD93523759BE70034F767 /* Alamofire.swift in Sources */,
				80CFD96F23759BE70034F767 /* BlockDecryptor.swift in Sources */,
				80CFD99723759BE70034F767 /* AliPayCNClass.swift in Sources */,
				80CFD94723759BE70034F767 /* AEAD.swift in Sources */,
				80CFD97F23759BE70034F767 /* ECB.swift in Sources */,
				80CFD94323759BE70034F767 /* Cryptors.swift in Sources */,
				80CFD99423759BE70034F767 /* Src.swift in Sources */,
				80CFD92E23759BE70034F767 /* MultipartFormData.swift in Sources */,
				80CFD97823759BE70034F767 /* PKCS5.swift in Sources */,
				80CFD99B23759BE70034F767 /* Wrapper.m in Sources */,
				80CFD97A23759BE70034F767 /* PBKDF2.swift in Sources */,
				80CFD97C23759BE70034F767 /* BlockModeOptions.swift in Sources */,
				80CFD98C23759BE70034F767 /* PayData.swift in Sources */,
				80CFD99223759BE70034F767 /* Country.swift in Sources */,
				80CFD95023759BE70034F767 /* UInt32+Extension.swift in Sources */,
				80CFD94823759BE70034F767 /* CBCMAC.swift in Sources */,
				80CFD95B23759BE70034F767 /* Array+Foundation.swift in Sources */,
				80CFD99923759BE70034F767 /* PaySDK.swift in Sources */,
				80CFD96C23759BE70034F767 /* BlockCipher.swift in Sources */,
				80CFD96823759BE70034F767 /* RandomBytesSequence.swift in Sources */,
				80CFD97B23759BE70034F767 /* PBKDF1.swift in Sources */,
				80CFD93E23759BE70034F767 /* AES.swift in Sources */,
				80CFD98723759BE70034F767 /* ChaCha20.swift in Sources */,
				80CFD93023759BE70034F767 /* Timeline.swift in Sources */,
				80CFD92323759BE70034F767 /* APIService.swift in Sources */,
				80CFD94123759BE70034F767 /* BlockEncryptor.swift in Sources */,
				80CFD99823759BE70034F767 /* AliPayClass.swift in Sources */,
				80CFD93323759BE70034F767 /* ServerTrustPolicy.swift in Sources */,
				80CFD95923759BE70034F767 /* Data+Extension.swift in Sources */,
				80CFD94D23759BE70034F767 /* CMAC.swift in Sources */,
				80CFD97223759BE70034F767 /* Utils.swift in Sources */,
				80CFD93423759BE70034F767 /* DispatchQueue+Alamofire.swift in Sources */,
				80CFD95123759BE70034F767 /* Digest.swift in Sources */,
				80CFD99A23759BE70034F767 /* MakePayment.swift in Sources */,
				80CFD97123759BE70034F767 /* DigestType.swift in Sources */,
				80CFD95623759BE70034F767 /* Blowfish+Foundation.swift in Sources */,
				80CFD99623759BE70034F767 /* AliPayHKClass.swift in Sources */,
				80CFD98923759BE70034F767 /* HostViewController.swift in Sources */,
				80CFD97E23759BE70034F767 /* CBC.swift in Sources */,
				80CFD97D23759BE70034F767 /* CFB.swift in Sources */,
				80CFD92B23759BE70034F767 /* Request.swift in Sources */,
				80CFD98D23759BE70034F767 /* EnvBase.swift in Sources */,
				80CFD92C23759BE70034F767 /* SessionManager.swift in Sources */,
				80CFD92823759BE70034F767 /* AFError.swift in Sources */,
				80CFD95D23759BE70034F767 /* Rabbit+Foundation.swift in Sources */,
				80CFD93123759BE70034F767 /* Validation.swift in Sources */,
				80CFD92D23759BE70034F767 /* SessionDelegate.swift in Sources */,
				80CFD96A23759BE70034F767 /* SHA1.swift in Sources */,
				80CFD97523759BE70034F767 /* SHA2.swift in Sources */,
				80CFD94B23759BE70034F767 /* Bit.swift in Sources */,
				80CFD97723759BE70034F767 /* PKCS7Padding.swift in Sources */,
				80CFD98F23759BE70034F767 /* Auth.swift in Sources */,
				80CFD94423759BE70034F767 /* HKDF.swift in Sources */,
				80CFD95323759BE70034F767 /* Scrypt.swift in Sources */,
				80CFD96923759BE70034F767 /* Rabbit.swift in Sources */,
				80CFD96023759BE70034F767 /* Cryptor.swift in Sources */,
				80CFD9A023759BE70034F767 /* DeviceInfoPaySDK.swift in Sources */,
				80CFD95C23759BE70034F767 /* AES+Foundation.swift in Sources */,
				80CFD95523759BE70034F767 /* String+FoundationExtension.swift in Sources */,
				80CFD98523759BE70034F767 /* CTR.swift in Sources */,
				80CFD94A23759BE70034F767 /* AES.Cryptors.swift in Sources */,
				80CFD93723759BE70034F767 /* WKWebViewJavascriptBridge.m in Sources */,
			);
			runOnlyForDeploymentPostprocessing = 0;
		};
		80CFD9BB23759D5A0034F767 /* Sources */ = {
			isa = PBXSourcesBuildPhase;
			buildActionMask = 2147483647;
			files = (
				80CFD9C623759D5A0034F767 /* ViewController.swift in Sources */,
				80CFD9C223759D5A0034F767 /* AppDelegate.swift in Sources */,
			);
			runOnlyForDeploymentPostprocessing = 0;
		};
/* End PBXSourcesBuildPhase section */

/* Begin PBXTargetDependency section */
		80CFD9D623759D820034F767 /* PBXTargetDependency */ = {
			isa = PBXTargetDependency;
			target = 80CFD78023759AF40034F767 /* AP_PaySDK */;
			targetProxy = 80CFD9D523759D820034F767 /* PBXContainerItemProxy */;
		};
/* End PBXTargetDependency section */

/* Begin PBXVariantGroup section */
		80CFD9C723759D5A0034F767 /* Main.storyboard */ = {
			isa = PBXVariantGroup;
			children = (
				80CFD9C823759D5A0034F767 /* Base */,
			);
			name = Main.storyboard;
			sourceTree = "<group>";
		};
		80CFD9CC23759D5B0034F767 /* LaunchScreen.storyboard */ = {
			isa = PBXVariantGroup;
			children = (
				80CFD9CD23759D5B0034F767 /* Base */,
			);
			name = LaunchScreen.storyboard;
			sourceTree = "<group>";
		};
/* End PBXVariantGroup section */

/* Begin XCBuildConfiguration section */
		80CFD78723759AF40034F767 /* Debug */ = {
			isa = XCBuildConfiguration;
			buildSettings = {
				ALWAYS_SEARCH_USER_PATHS = NO;
				CLANG_ANALYZER_NONNULL = YES;
				CLANG_ANALYZER_NUMBER_OBJECT_CONVERSION = YES_AGGRESSIVE;
				CLANG_CXX_LANGUAGE_STANDARD = "gnu++14";
				CLANG_CXX_LIBRARY = "libc++";
				CLANG_ENABLE_MODULES = YES;
				CLANG_ENABLE_OBJC_ARC = YES;
				CLANG_ENABLE_OBJC_WEAK = YES;
				CLANG_WARN_BLOCK_CAPTURE_AUTORELEASING = YES;
				CLANG_WARN_BOOL_CONVERSION = YES;
				CLANG_WARN_COMMA = YES;
				CLANG_WARN_CONSTANT_CONVERSION = YES;
				CLANG_WARN_DEPRECATED_OBJC_IMPLEMENTATIONS = YES;
				CLANG_WARN_DIRECT_OBJC_ISA_USAGE = YES_ERROR;
				CLANG_WARN_DOCUMENTATION_COMMENTS = YES;
				CLANG_WARN_EMPTY_BODY = YES;
				CLANG_WARN_ENUM_CONVERSION = YES;
				CLANG_WARN_INFINITE_RECURSION = YES;
				CLANG_WARN_INT_CONVERSION = YES;
				CLANG_WARN_NON_LITERAL_NULL_CONVERSION = YES;
				CLANG_WARN_OBJC_IMPLICIT_RETAIN_SELF = YES;
				CLANG_WARN_OBJC_LITERAL_CONVERSION = YES;
				CLANG_WARN_OBJC_ROOT_CLASS = YES_ERROR;
				CLANG_WARN_RANGE_LOOP_ANALYSIS = YES;
				CLANG_WARN_STRICT_PROTOTYPES = YES;
				CLANG_WARN_SUSPICIOUS_MOVE = YES;
				CLANG_WARN_UNGUARDED_AVAILABILITY = YES_AGGRESSIVE;
				CLANG_WARN_UNREACHABLE_CODE = YES;
				CLANG_WARN__DUPLICATE_METHOD_MATCH = YES;
				COPY_PHASE_STRIP = NO;
				CURRENT_PROJECT_VERSION = 1;
				DEBUG_INFORMATION_FORMAT = dwarf;
				ENABLE_STRICT_OBJC_MSGSEND = YES;
				ENABLE_TESTABILITY = YES;
				GCC_C_LANGUAGE_STANDARD = gnu11;
				GCC_DYNAMIC_NO_PIC = NO;
				GCC_NO_COMMON_BLOCKS = YES;
				GCC_OPTIMIZATION_LEVEL = 0;
				GCC_PREPROCESSOR_DEFINITIONS = (
					"DEBUG=1",
					"$(inherited)",
				);
				GCC_WARN_64_TO_32_BIT_CONVERSION = YES;
				GCC_WARN_ABOUT_RETURN_TYPE = YES_ERROR;
				GCC_WARN_UNDECLARED_SELECTOR = YES;
				GCC_WARN_UNINITIALIZED_AUTOS = YES_AGGRESSIVE;
				GCC_WARN_UNUSED_FUNCTION = YES;
				GCC_WARN_UNUSED_VARIABLE = YES;
				IPHONEOS_DEPLOYMENT_TARGET = 12.1;
				MTL_ENABLE_DEBUG_INFO = INCLUDE_SOURCE;
				MTL_FAST_MATH = YES;
				ONLY_ACTIVE_ARCH = YES;
				SDKROOT = iphoneos;
				SWIFT_ACTIVE_COMPILATION_CONDITIONS = DEBUG;
				SWIFT_OPTIMIZATION_LEVEL = "-Onone";
				SWIFT_VERSION = 4.0;
				VERSIONING_SYSTEM = "apple-generic";
				VERSION_INFO_PREFIX = "";
			};
			name = Debug;
		};
		80CFD78823759AF40034F767 /* Release */ = {
			isa = XCBuildConfiguration;
			buildSettings = {
				ALWAYS_SEARCH_USER_PATHS = NO;
				CLANG_ANALYZER_NONNULL = YES;
				CLANG_ANALYZER_NUMBER_OBJECT_CONVERSION = YES_AGGRESSIVE;
				CLANG_CXX_LANGUAGE_STANDARD = "gnu++14";
				CLANG_CXX_LIBRARY = "libc++";
				CLANG_ENABLE_MODULES = YES;
				CLANG_ENABLE_OBJC_ARC = YES;
				CLANG_ENABLE_OBJC_WEAK = YES;
				CLANG_WARN_BLOCK_CAPTURE_AUTORELEASING = YES;
				CLANG_WARN_BOOL_CONVERSION = YES;
				CLANG_WARN_COMMA = YES;
				CLANG_WARN_CONSTANT_CONVERSION = YES;
				CLANG_WARN_DEPRECATED_OBJC_IMPLEMENTATIONS = YES;
				CLANG_WARN_DIRECT_OBJC_ISA_USAGE = YES_ERROR;
				CLANG_WARN_DOCUMENTATION_COMMENTS = YES;
				CLANG_WARN_EMPTY_BODY = YES;
				CLANG_WARN_ENUM_CONVERSION = YES;
				CLANG_WARN_INFINITE_RECURSION = YES;
				CLANG_WARN_INT_CONVERSION = YES;
				CLANG_WARN_NON_LITERAL_NULL_CONVERSION = YES;
				CLANG_WARN_OBJC_IMPLICIT_RETAIN_SELF = YES;
				CLANG_WARN_OBJC_LITERAL_CONVERSION = YES;
				CLANG_WARN_OBJC_ROOT_CLASS = YES_ERROR;
				CLANG_WARN_RANGE_LOOP_ANALYSIS = YES;
				CLANG_WARN_STRICT_PROTOTYPES = YES;
				CLANG_WARN_SUSPICIOUS_MOVE = YES;
				CLANG_WARN_UNGUARDED_AVAILABILITY = YES_AGGRESSIVE;
				CLANG_WARN_UNREACHABLE_CODE = YES;
				CLANG_WARN__DUPLICATE_METHOD_MATCH = YES;
				COPY_PHASE_STRIP = NO;
				CURRENT_PROJECT_VERSION = 1;
				DEBUG_INFORMATION_FORMAT = dwarf;
				ENABLE_NS_ASSERTIONS = NO;
				ENABLE_STRICT_OBJC_MSGSEND = YES;
				GCC_C_LANGUAGE_STANDARD = gnu11;
				GCC_NO_COMMON_BLOCKS = YES;
				GCC_WARN_64_TO_32_BIT_CONVERSION = YES;
				GCC_WARN_ABOUT_RETURN_TYPE = YES_ERROR;
				GCC_WARN_UNDECLARED_SELECTOR = YES;
				GCC_WARN_UNINITIALIZED_AUTOS = YES_AGGRESSIVE;
				GCC_WARN_UNUSED_FUNCTION = YES;
				GCC_WARN_UNUSED_VARIABLE = YES;
				IPHONEOS_DEPLOYMENT_TARGET = 12.1;
				MTL_ENABLE_DEBUG_INFO = NO;
				MTL_FAST_MATH = YES;
				SDKROOT = iphoneos;
				SWIFT_COMPILATION_MODE = wholemodule;
				SWIFT_OPTIMIZATION_LEVEL = "-O";
				SWIFT_VERSION = 4.0;
				VALIDATE_PRODUCT = YES;
				VERSIONING_SYSTEM = "apple-generic";
				VERSION_INFO_PREFIX = "";
			};
			name = Release;
		};
		80CFD78A23759AF40034F767 /* Debug */ = {
			isa = XCBuildConfiguration;
			buildSettings = {
				CLANG_ENABLE_MODULES = YES;
				CODE_SIGN_STYLE = Automatic;
				DEBUG_INFORMATION_FORMAT = dwarf;
				DEFINES_MODULE = YES;
				DYLIB_COMPATIBILITY_VERSION = 1;
				DYLIB_CURRENT_VERSION = 1;
				DYLIB_INSTALL_NAME_BASE = "@rpath";
				FRAMEWORK_SEARCH_PATHS = (
					"$(inherited)",
					"$(PROJECT_DIR)/AlipaySDK",
				);
				INFOPLIST_FILE = AP_PaySDK/Info.plist;
				INSTALL_PATH = "$(LOCAL_LIBRARY_DIR)/Frameworks";
				LD_RUNPATH_SEARCH_PATHS = (
					"$(inherited)",
					"@executable_path/Frameworks",
					"@loader_path/Frameworks",
				);
				PRODUCT_BUNDLE_IDENTIFIER = "com.asiapayIn.applePayDemo.AP-PaySDK";
				PRODUCT_NAME = "$(TARGET_NAME:c99extidentifier)";
				SKIP_INSTALL = YES;
				SWIFT_OPTIMIZATION_LEVEL = "-Onone";
				SWIFT_VERSION = 4.0;
				TARGETED_DEVICE_FAMILY = "1,2";
			};
			name = Debug;
		};
		80CFD78B23759AF40034F767 /* Release */ = {
			isa = XCBuildConfiguration;
			buildSettings = {
				CLANG_ENABLE_MODULES = YES;
				CODE_SIGN_STYLE = Automatic;
				DEBUG_INFORMATION_FORMAT = dwarf;
				DEFINES_MODULE = YES;
				DYLIB_COMPATIBILITY_VERSION = 1;
				DYLIB_CURRENT_VERSION = 1;
				DYLIB_INSTALL_NAME_BASE = "@rpath";
				FRAMEWORK_SEARCH_PATHS = (
					"$(inherited)",
					"$(PROJECT_DIR)/AlipaySDK",
				);
				INFOPLIST_FILE = AP_PaySDK/Info.plist;
				INSTALL_PATH = "$(LOCAL_LIBRARY_DIR)/Frameworks";
				LD_RUNPATH_SEARCH_PATHS = (
					"$(inherited)",
					"@executable_path/Frameworks",
					"@loader_path/Frameworks",
				);
				PRODUCT_BUNDLE_IDENTIFIER = "com.asiapayIn.applePayDemo.AP-PaySDK";
				PRODUCT_NAME = "$(TARGET_NAME:c99extidentifier)";
				SKIP_INSTALL = YES;
				SWIFT_VERSION = 4.0;
				TARGETED_DEVICE_FAMILY = "1,2";
			};
			name = Release;
		};
		80CFD9D123759D5B0034F767 /* Debug */ = {
			isa = XCBuildConfiguration;
			buildSettings = {
				ASSETCATALOG_COMPILER_APPICON_NAME = AppIcon;
				CODE_SIGN_STYLE = Automatic;
				INFOPLIST_FILE = testing/Info.plist;
				IPHONEOS_DEPLOYMENT_TARGET = 12.1;
				LD_RUNPATH_SEARCH_PATHS = (
					"$(inherited)",
					"@executable_path/Frameworks",
				);
				PRODUCT_BUNDLE_IDENTIFIER = com.asiapayIn.applePayDemo.testing;
				PRODUCT_NAME = "$(TARGET_NAME)";
				SWIFT_VERSION = 5.0;
				TARGETED_DEVICE_FAMILY = "1,2";
			};
			name = Debug;
		};
		80CFD9D223759D5B0034F767 /* Release */ = {
			isa = XCBuildConfiguration;
			buildSettings = {
				ASSETCATALOG_COMPILER_APPICON_NAME = AppIcon;
				CODE_SIGN_STYLE = Automatic;
				DEBUG_INFORMATION_FORMAT = "dwarf-with-dsym";
				INFOPLIST_FILE = testing/Info.plist;
				IPHONEOS_DEPLOYMENT_TARGET = 12.1;
				LD_RUNPATH_SEARCH_PATHS = (
					"$(inherited)",
					"@executable_path/Frameworks",
				);
				PRODUCT_BUNDLE_IDENTIFIER = com.asiapayIn.applePayDemo.testing;
				PRODUCT_NAME = "$(TARGET_NAME)";
				SWIFT_VERSION = 5.0;
				TARGETED_DEVICE_FAMILY = "1,2";
			};
			name = Release;
		};
/* End XCBuildConfiguration section */

/* Begin XCConfigurationList section */
		80CFD77B23759AF40034F767 /* Build configuration list for PBXProject "AP_PaySDK" */ = {
			isa = XCConfigurationList;
			buildConfigurations = (
				80CFD78723759AF40034F767 /* Debug */,
				80CFD78823759AF40034F767 /* Release */,
			);
			defaultConfigurationIsVisible = 0;
			defaultConfigurationName = Release;
		};
		80CFD78923759AF40034F767 /* Build configuration list for PBXNativeTarget "AP_PaySDK" */ = {
			isa = XCConfigurationList;
			buildConfigurations = (
				80CFD78A23759AF40034F767 /* Debug */,
				80CFD78B23759AF40034F767 /* Release */,
			);
			defaultConfigurationIsVisible = 0;
			defaultConfigurationName = Release;
		};
		80CFD9D023759D5B0034F767 /* Build configuration list for PBXNativeTarget "testing" */ = {
			isa = XCConfigurationList;
			buildConfigurations = (
				80CFD9D123759D5B0034F767 /* Debug */,
				80CFD9D223759D5B0034F767 /* Release */,
			);
			defaultConfigurationIsVisible = 0;
			defaultConfigurationName = Release;
		};
/* End XCConfigurationList section */
	};
	rootObject = 80CFD77823759AF40034F767 /* Project object */;
}
